// !$*UTF8*$!
{
	archiveVersion = 1;
	classes = {
	};
	objectVersion = 46;
	objects = {

/* Begin PBXBuildFile section */
		DA13F35C1D6B3F19008AF28A /* MMainNavItemGandallers.swift in Sources */ = {isa = PBXBuildFile; fileRef = DA13F35B1D6B3F19008AF28A /* MMainNavItemGandallers.swift */; };
		DA13F3721D6B450F008AF28A /* FDatabaseModelNews.swift in Sources */ = {isa = PBXBuildFile; fileRef = DA13F36A1D6B450F008AF28A /* FDatabaseModelNews.swift */; };
		DA13F3731D6B450F008AF28A /* FDatabaseModelNewsJoined.swift in Sources */ = {isa = PBXBuildFile; fileRef = DA13F36B1D6B450F008AF28A /* FDatabaseModelNewsJoined.swift */; };
		DA13F3741D6B450F008AF28A /* FDatabaseModelNewsPicture.swift in Sources */ = {isa = PBXBuildFile; fileRef = DA13F36C1D6B450F008AF28A /* FDatabaseModelNewsPicture.swift */; };
		DA13F3751D6B450F008AF28A /* FDatabaseModelNewsPower.swift in Sources */ = {isa = PBXBuildFile; fileRef = DA13F36D1D6B450F008AF28A /* FDatabaseModelNewsPower.swift */; };
		DA13F3761D6B450F008AF28A /* FDatabaseModelNewsSocial.swift in Sources */ = {isa = PBXBuildFile; fileRef = DA13F36E1D6B450F008AF28A /* FDatabaseModelNewsSocial.swift */; };
		DA13F3771D6B450F008AF28A /* FDatabaseModelNewsVideo.swift in Sources */ = {isa = PBXBuildFile; fileRef = DA13F36F1D6B450F008AF28A /* FDatabaseModelNewsVideo.swift */; };
		DA13F3781D6B450F008AF28A /* FDatabaseModelUser.swift in Sources */ = {isa = PBXBuildFile; fileRef = DA13F3711D6B450F008AF28A /* FDatabaseModelUser.swift */; };
		DA13F37A1D6B551D008AF28A /* VCreateCell.swift in Sources */ = {isa = PBXBuildFile; fileRef = DA13F3791D6B551D008AF28A /* VCreateCell.swift */; };
		DA13F37C1D6B55CD008AF28A /* VCreateHeader.swift in Sources */ = {isa = PBXBuildFile; fileRef = DA13F37B1D6B55CD008AF28A /* VCreateHeader.swift */; };
		DA13F3851D6B6713008AF28A /* FDatabaseModelGandaller.swift in Sources */ = {isa = PBXBuildFile; fileRef = DA13F3831D6B6713008AF28A /* FDatabaseModelGandaller.swift */; };
		DA13F3871D6B6771008AF28A /* FDatabaseModelGandallerPaused.swift in Sources */ = {isa = PBXBuildFile; fileRef = DA13F3861D6B6771008AF28A /* FDatabaseModelGandallerPaused.swift */; };
		DA13F3891D6B677A008AF28A /* FDatabaseModelGandallerActive.swift in Sources */ = {isa = PBXBuildFile; fileRef = DA13F3881D6B677A008AF28A /* FDatabaseModelGandallerActive.swift */; };
		DA13F38B1D6B6AD3008AF28A /* FDatabaseModelGandallerSocial.swift in Sources */ = {isa = PBXBuildFile; fileRef = DA13F38A1D6B6AD3008AF28A /* FDatabaseModelGandallerSocial.swift */; };
		DA13F38D1D6B6AE5008AF28A /* FDatabaseModelGandallerSocialHashtag.swift in Sources */ = {isa = PBXBuildFile; fileRef = DA13F38C1D6B6AE5008AF28A /* FDatabaseModelGandallerSocialHashtag.swift */; };
		DA13F38F1D6B6B01008AF28A /* FDatabaseModelGandallerVideo.swift in Sources */ = {isa = PBXBuildFile; fileRef = DA13F38E1D6B6B01008AF28A /* FDatabaseModelGandallerVideo.swift */; };
		DA13F3911D6B6C2F008AF28A /* FDatabaseModelGandallerPower.swift in Sources */ = {isa = PBXBuildFile; fileRef = DA13F3901D6B6C2F008AF28A /* FDatabaseModelGandallerPower.swift */; };
		DA13F3931D6B6C3D008AF28A /* FDatabaseModelGandallerImage.swift in Sources */ = {isa = PBXBuildFile; fileRef = DA13F3921D6B6C3D008AF28A /* FDatabaseModelGandallerImage.swift */; };
		DA13F3951D6BACBE008AF28A /* CCreateDetail.swift in Sources */ = {isa = PBXBuildFile; fileRef = DA13F3941D6BACBE008AF28A /* CCreateDetail.swift */; };
		DA13F3971D6BAF01008AF28A /* VCreateDetail.swift in Sources */ = {isa = PBXBuildFile; fileRef = DA13F3961D6BAF01008AF28A /* VCreateDetail.swift */; };
		DA13F3991D6BB20C008AF28A /* VCreateDetailCell.swift in Sources */ = {isa = PBXBuildFile; fileRef = DA13F3981D6BB20C008AF28A /* VCreateDetailCell.swift */; };
		DA13F39F1D6BC1F4008AF28A /* VCreateDetailCellText.swift in Sources */ = {isa = PBXBuildFile; fileRef = DA13F39E1D6BC1F4008AF28A /* VCreateDetailCellText.swift */; };
		DA13F3A11D6BC204008AF28A /* VCreateDetailCellStatus.swift in Sources */ = {isa = PBXBuildFile; fileRef = DA13F3A01D6BC204008AF28A /* VCreateDetailCellStatus.swift */; };
		DA13F3A31D6BC20C008AF28A /* VCreateDetailCellImage.swift in Sources */ = {isa = PBXBuildFile; fileRef = DA13F3A21D6BC20C008AF28A /* VCreateDetailCellImage.swift */; };
		DA13F3AB1D6BC684008AF28A /* VCreateDetailHeader.swift in Sources */ = {isa = PBXBuildFile; fileRef = DA13F3AA1D6BC684008AF28A /* VCreateDetailHeader.swift */; };
		DA155ADE1D6C96F6000C8C85 /* VCreateDetailCellStarted.swift in Sources */ = {isa = PBXBuildFile; fileRef = DA155ADD1D6C96F6000C8C85 /* VCreateDetailCellStarted.swift */; };
		DA155AEB1D6C9D89000C8C85 /* MCreate.swift in Sources */ = {isa = PBXBuildFile; fileRef = DA155AE01D6C9D89000C8C85 /* MCreate.swift */; };
		DA155AEC1D6C9D89000C8C85 /* MCreateItem.swift in Sources */ = {isa = PBXBuildFile; fileRef = DA155AE11D6C9D89000C8C85 /* MCreateItem.swift */; };
		DA155AED1D6C9D89000C8C85 /* MCreateItemDetail.swift in Sources */ = {isa = PBXBuildFile; fileRef = DA155AE21D6C9D89000C8C85 /* MCreateItemDetail.swift */; };
		DA155AEE1D6C9D89000C8C85 /* MCreateItemDetailPropertyItem.swift in Sources */ = {isa = PBXBuildFile; fileRef = DA155AE41D6C9D89000C8C85 /* MCreateItemDetailPropertyItem.swift */; };
		DA155AEF1D6C9D89000C8C85 /* MCreateItemDetailPropertyItemName.swift in Sources */ = {isa = PBXBuildFile; fileRef = DA155AE51D6C9D89000C8C85 /* MCreateItemDetailPropertyItemName.swift */; };
		DA155AF01D6C9D89000C8C85 /* MCreateItemDetailPropertyItemStatus.swift in Sources */ = {isa = PBXBuildFile; fileRef = DA155AE61D6C9D89000C8C85 /* MCreateItemDetailPropertyItemStatus.swift */; };
		DA155AF11D6C9D89000C8C85 /* MCreateItemDetailProperty.swift in Sources */ = {isa = PBXBuildFile; fileRef = DA155AE81D6C9D89000C8C85 /* MCreateItemDetailProperty.swift */; };
		DA155AF21D6C9D89000C8C85 /* MCreateItemDetailPropertyName.swift in Sources */ = {isa = PBXBuildFile; fileRef = DA155AE91D6C9D89000C8C85 /* MCreateItemDetailPropertyName.swift */; };
		DA155AF31D6C9D89000C8C85 /* MCreateItemDetailPropertyStatus.swift in Sources */ = {isa = PBXBuildFile; fileRef = DA155AEA1D6C9D89000C8C85 /* MCreateItemDetailPropertyStatus.swift */; };
		DA155AF51D6C9DC9000C8C85 /* MCreateItemDetailPropertyItemStarted.swift in Sources */ = {isa = PBXBuildFile; fileRef = DA155AF41D6C9DC9000C8C85 /* MCreateItemDetailPropertyItemStarted.swift */; };
		DA155AF71D6C9EE7000C8C85 /* MCreateItemDetailPropertyStarted.swift in Sources */ = {isa = PBXBuildFile; fileRef = DA155AF61D6C9EE7000C8C85 /* MCreateItemDetailPropertyStarted.swift */; };
		DA155AFA1D6CA7DD000C8C85 /* MNews.swift in Sources */ = {isa = PBXBuildFile; fileRef = DA155AF91D6CA7DD000C8C85 /* MNews.swift */; };
		DA155AFD1D6CBA73000C8C85 /* MGandaller.swift in Sources */ = {isa = PBXBuildFile; fileRef = DA155AFC1D6CBA73000C8C85 /* MGandaller.swift */; };
		DA155AFF1D6CBA89000C8C85 /* MGandallerItem.swift in Sources */ = {isa = PBXBuildFile; fileRef = DA155AFE1D6CBA89000C8C85 /* MGandallerItem.swift */; };
		DA19122F1D6DED9F001F6F3A /* MCreateItemDetailPropertyImages.swift in Sources */ = {isa = PBXBuildFile; fileRef = DA19122E1D6DED9F001F6F3A /* MCreateItemDetailPropertyImages.swift */; };
		DA1912311D6DEE1E001F6F3A /* MCreateItemDetailPropertyItemImage.swift in Sources */ = {isa = PBXBuildFile; fileRef = DA1912301D6DEE1E001F6F3A /* MCreateItemDetailPropertyItemImage.swift */; };
		DA1912331D6E0CF3001F6F3A /* FDatabaseModelGandallerImageWaiting.swift in Sources */ = {isa = PBXBuildFile; fileRef = DA1912321D6E0CF3001F6F3A /* FDatabaseModelGandallerImageWaiting.swift */; };
		DA1912351D6E0CFE001F6F3A /* FDatabaseModelGandallerImageReady.swift in Sources */ = {isa = PBXBuildFile; fileRef = DA1912341D6E0CFE001F6F3A /* FDatabaseModelGandallerImageReady.swift */; };
		DA1912371D6E9DAE001F6F3A /* MGandallerItemImage.swift in Sources */ = {isa = PBXBuildFile; fileRef = DA1912361D6E9DAE001F6F3A /* MGandallerItemImage.swift */; };
		DA3C5E791D709282003F5358 /* MCreateItemDetailPropertySocial.swift in Sources */ = {isa = PBXBuildFile; fileRef = DA3C5E781D709282003F5358 /* MCreateItemDetailPropertySocial.swift */; };
		DA3C5E7B1D709297003F5358 /* MCreateItemDetailPropertyHashtags.swift in Sources */ = {isa = PBXBuildFile; fileRef = DA3C5E7A1D709297003F5358 /* MCreateItemDetailPropertyHashtags.swift */; };
		DA3C5E7D1D7092A4003F5358 /* MCreateItemDetailPropertyVideos.swift in Sources */ = {isa = PBXBuildFile; fileRef = DA3C5E7C1D7092A4003F5358 /* MCreateItemDetailPropertyVideos.swift */; };
		DA3C5E7F1D7092F2003F5358 /* MCreateItemDetailPropertyItemFacebook.swift in Sources */ = {isa = PBXBuildFile; fileRef = DA3C5E7E1D7092F2003F5358 /* MCreateItemDetailPropertyItemFacebook.swift */; };
		DA3C5E811D7092FB003F5358 /* MCreateItemDetailPropertyItemTwitter.swift in Sources */ = {isa = PBXBuildFile; fileRef = DA3C5E801D7092FB003F5358 /* MCreateItemDetailPropertyItemTwitter.swift */; };
		DA3C5E831D709305003F5358 /* MCreateItemDetailPropertyItemInstagram.swift in Sources */ = {isa = PBXBuildFile; fileRef = DA3C5E821D709305003F5358 /* MCreateItemDetailPropertyItemInstagram.swift */; };
		DA3C5E851D70930F003F5358 /* MCreateItemDetailPropertyItemHashtag.swift in Sources */ = {isa = PBXBuildFile; fileRef = DA3C5E841D70930F003F5358 /* MCreateItemDetailPropertyItemHashtag.swift */; };
		DA3C5E871D70931A003F5358 /* MCreateItemDetailPropertyItemVideo.swift in Sources */ = {isa = PBXBuildFile; fileRef = DA3C5E861D70931A003F5358 /* MCreateItemDetailPropertyItemVideo.swift */; };
		DA42AE581D6FEF680082F43A /* MCreateItemDetailPropertyPowers.swift in Sources */ = {isa = PBXBuildFile; fileRef = DA42AE571D6FEF680082F43A /* MCreateItemDetailPropertyPowers.swift */; };
		DA42AE5A1D6FF02D0082F43A /* MCreateItemDetailPropertyItemPower.swift in Sources */ = {isa = PBXBuildFile; fileRef = DA42AE591D6FF02D0082F43A /* MCreateItemDetailPropertyItemPower.swift */; };
		DA65BBB21D722F7300DA8440 /* CGandallerDetail.swift in Sources */ = {isa = PBXBuildFile; fileRef = DA65BBB11D722F7300DA8440 /* CGandallerDetail.swift */; };
		DA65BBB51D722FDD00DA8440 /* VGandallerDetail.swift in Sources */ = {isa = PBXBuildFile; fileRef = DA65BBB41D722FDD00DA8440 /* VGandallerDetail.swift */; };
		DA9221791D691BAA006323FE /* FAnalytics.swift in Sources */ = {isa = PBXBuildFile; fileRef = DA92216B1D691BAA006323FE /* FAnalytics.swift */; };
		DA92217A1D691BAA006323FE /* FDatabase.swift in Sources */ = {isa = PBXBuildFile; fileRef = DA92216E1D691BAA006323FE /* FDatabase.swift */; };
		DA92217B1D691BAA006323FE /* FDatabaseModel.swift in Sources */ = {isa = PBXBuildFile; fileRef = DA92216F1D691BAA006323FE /* FDatabaseModel.swift */; };
		DA92217E1D691BAA006323FE /* FMain.swift in Sources */ = {isa = PBXBuildFile; fileRef = DA9221741D691BAA006323FE /* FMain.swift */; };
		DA92217F1D691BAA006323FE /* GoogleService-Info.plist in Resources */ = {isa = PBXBuildFile; fileRef = DA9221751D691BAA006323FE /* GoogleService-Info.plist */; };
		DA9221801D691BAA006323FE /* FStorage.swift in Sources */ = {isa = PBXBuildFile; fileRef = DA9221771D691BAA006323FE /* FStorage.swift */; };
		DA9221821D6A0A66006323FE /* gandallaTests.swift in Sources */ = {isa = PBXBuildFile; fileRef = DAA6A3AD1D69184300F2565B /* gandallaTests.swift */; };
		DA9221881D6A0B0D006323FE /* CNews.swift in Sources */ = {isa = PBXBuildFile; fileRef = DA9221871D6A0B0D006323FE /* CNews.swift */; };
		DAA5800D1D6D1A1C00EC941A /* MNewsItem.swift in Sources */ = {isa = PBXBuildFile; fileRef = DAA5800C1D6D1A1C00EC941A /* MNewsItem.swift */; };
		DAA5800F1D6D2A4400EC941A /* VNewsCell.swift in Sources */ = {isa = PBXBuildFile; fileRef = DAA5800E1D6D2A4400EC941A /* VNewsCell.swift */; };
		DAA580111D6D2BBF00EC941A /* VNewsCellJoined.swift in Sources */ = {isa = PBXBuildFile; fileRef = DAA580101D6D2BBF00EC941A /* VNewsCellJoined.swift */; };
		DAA580131D6D2BD100EC941A /* VNewsCellPicture.swift in Sources */ = {isa = PBXBuildFile; fileRef = DAA580121D6D2BD100EC941A /* VNewsCellPicture.swift */; };
		DAA580151D6D2BD900EC941A /* VNewsCellPower.swift in Sources */ = {isa = PBXBuildFile; fileRef = DAA580141D6D2BD900EC941A /* VNewsCellPower.swift */; };
		DAA580171D6D2BE600EC941A /* VNewsCellSocial.swift in Sources */ = {isa = PBXBuildFile; fileRef = DAA580161D6D2BE600EC941A /* VNewsCellSocial.swift */; };
		DAA580191D6D2BEE00EC941A /* VNewsCellVideo.swift in Sources */ = {isa = PBXBuildFile; fileRef = DAA580181D6D2BEE00EC941A /* VNewsCellVideo.swift */; };
		DAA6A3BB1D69184300F2565B /* brand.xcassets in Resources */ = {isa = PBXBuildFile; fileRef = DAA6A3711D69184300F2565B /* brand.xcassets */; };
		DAA6A3BC1D69184300F2565B /* ui.xcassets in Resources */ = {isa = PBXBuildFile; fileRef = DAA6A3721D69184300F2565B /* ui.xcassets */; };
		DAA6A3BD1D69184300F2565B /* CategoryMKAnnotationView.swift in Sources */ = {isa = PBXBuildFile; fileRef = DAA6A3741D69184300F2565B /* CategoryMKAnnotationView.swift */; };
		DAA6A3BE1D69184300F2565B /* CategoryNSDate.swift in Sources */ = {isa = PBXBuildFile; fileRef = DAA6A3751D69184300F2565B /* CategoryNSDate.swift */; };
		DAA6A3BF1D69184300F2565B /* CategoryNSFileManager.swift in Sources */ = {isa = PBXBuildFile; fileRef = DAA6A3761D69184300F2565B /* CategoryNSFileManager.swift */; };
		DAA6A3C01D69184300F2565B /* CategoryNSManagerdObject.swift in Sources */ = {isa = PBXBuildFile; fileRef = DAA6A3771D69184300F2565B /* CategoryNSManagerdObject.swift */; };
		DAA6A3C11D69184300F2565B /* CategoryNSNotification.swift in Sources */ = {isa = PBXBuildFile; fileRef = DAA6A3781D69184300F2565B /* CategoryNSNotification.swift */; };
		DAA6A3C21D69184300F2565B /* CategoryUICollectionReusableView.swift in Sources */ = {isa = PBXBuildFile; fileRef = DAA6A3791D69184300F2565B /* CategoryUICollectionReusableView.swift */; };
		DAA6A3C31D69184300F2565B /* CategoryUIColor.swift in Sources */ = {isa = PBXBuildFile; fileRef = DAA6A37A1D69184300F2565B /* CategoryUIColor.swift */; };
		DAA6A3C41D69184300F2565B /* CategoryUIFont.swift in Sources */ = {isa = PBXBuildFile; fileRef = DAA6A37B1D69184300F2565B /* CategoryUIFont.swift */; };
		DAA6A3C51D69184300F2565B /* CategoryUILocalNotification.swift in Sources */ = {isa = PBXBuildFile; fileRef = DAA6A37C1D69184300F2565B /* CategoryUILocalNotification.swift */; };
		DAA6A3C61D69184300F2565B /* CategoryUIViewController.swift in Sources */ = {isa = PBXBuildFile; fileRef = DAA6A37D1D69184300F2565B /* CategoryUIViewController.swift */; };
		DAA6A3C71D69184300F2565B /* CCreate.swift in Sources */ = {isa = PBXBuildFile; fileRef = DAA6A3801D69184300F2565B /* CCreate.swift */; };
		DAA6A3C81D69184300F2565B /* CMain.swift in Sources */ = {isa = PBXBuildFile; fileRef = DAA6A3821D69184300F2565B /* CMain.swift */; };
		DAA6A3C91D69184300F2565B /* CMainController.swift in Sources */ = {isa = PBXBuildFile; fileRef = DAA6A3831D69184300F2565B /* CMainController.swift */; };
		DAA6A3CA1D69184300F2565B /* CMainParent.swift in Sources */ = {isa = PBXBuildFile; fileRef = DAA6A3841D69184300F2565B /* CMainParent.swift */; };
		DAA6A3CB1D69184300F2565B /* DManager.swift in Sources */ = {isa = PBXBuildFile; fileRef = DAA6A3871D69184300F2565B /* DManager.swift */; };
		DAA6A3CC1D69184300F2565B /* DManagerModel.swift in Sources */ = {isa = PBXBuildFile; fileRef = DAA6A3881D69184300F2565B /* DManagerModel.swift */; };
		DAA6A3CD1D69184300F2565B /* DManagerModelGandalla.swift in Sources */ = {isa = PBXBuildFile; fileRef = DAA6A3891D69184300F2565B /* DManagerModelGandalla.swift */; };
		DAA6A3CE1D69184300F2565B /* DManagerSaver.swift in Sources */ = {isa = PBXBuildFile; fileRef = DAA6A38A1D69184300F2565B /* DManagerSaver.swift */; };
		DAA6A3CF1D69184300F2565B /* DGandallaModel.xcdatamodeld in Sources */ = {isa = PBXBuildFile; fileRef = DAA6A38C1D69184300F2565B /* DGandallaModel.xcdatamodeld */; };
		DAA6A3D01D69184300F2565B /* DGandallaUser.swift in Sources */ = {isa = PBXBuildFile; fileRef = DAA6A3901D69184300F2565B /* DGandallaUser.swift */; };
		DAA6A3DC1D69184300F2565B /* MMainTransition.swift in Sources */ = {isa = PBXBuildFile; fileRef = DAA6A3A11D69184300F2565B /* MMainTransition.swift */; };
		DAA6A3DD1D69184300F2565B /* MMainTransitionFade.swift in Sources */ = {isa = PBXBuildFile; fileRef = DAA6A3A21D69184300F2565B /* MMainTransitionFade.swift */; };
		DAA6A3DE1D69184300F2565B /* MMainTransitionPop.swift in Sources */ = {isa = PBXBuildFile; fileRef = DAA6A3A31D69184300F2565B /* MMainTransitionPop.swift */; };
		DAA6A3DF1D69184300F2565B /* MMainTransitionPush.swift in Sources */ = {isa = PBXBuildFile; fileRef = DAA6A3A41D69184300F2565B /* MMainTransitionPush.swift */; };
		DAA6A3E01D69184300F2565B /* MMainTransitionReplace.swift in Sources */ = {isa = PBXBuildFile; fileRef = DAA6A3A51D69184300F2565B /* MMainTransitionReplace.swift */; };
		DAA6A3E11D69184300F2565B /* MMainTransitionScrollLeft.swift in Sources */ = {isa = PBXBuildFile; fileRef = DAA6A3A61D69184300F2565B /* MMainTransitionScrollLeft.swift */; };
		DAA6A3E21D69184300F2565B /* MMainTransitionScrollRight.swift in Sources */ = {isa = PBXBuildFile; fileRef = DAA6A3A71D69184300F2565B /* MMainTransitionScrollRight.swift */; };
		DAA6A3E31D69184300F2565B /* Localizable.strings in Resources */ = {isa = PBXBuildFile; fileRef = DAA6A3A91D69184300F2565B /* Localizable.strings */; };
		DAA6A3E41D69184300F2565B /* LaunchScreen.storyboard in Resources */ = {isa = PBXBuildFile; fileRef = DAA6A3AB1D69184300F2565B /* LaunchScreen.storyboard */; };
		DAA6A3E71D69184300F2565B /* VCreate.swift in Sources */ = {isa = PBXBuildFile; fileRef = DAA6A3B11D69184300F2565B /* VCreate.swift */; };
		DAA6A3E81D69184300F2565B /* VMainBar.swift in Sources */ = {isa = PBXBuildFile; fileRef = DAA6A3B41D69184300F2565B /* VMainBar.swift */; };
		DAA6A3E91D69184300F2565B /* VMainBarBack.swift in Sources */ = {isa = PBXBuildFile; fileRef = DAA6A3B51D69184300F2565B /* VMainBarBack.swift */; };
		DAA6A3EA1D69184300F2565B /* VMainBarCell.swift in Sources */ = {isa = PBXBuildFile; fileRef = DAA6A3B61D69184300F2565B /* VMainBarCell.swift */; };
		DAA6A3EB1D69184300F2565B /* VMainAlert.swift in Sources */ = {isa = PBXBuildFile; fileRef = DAA6A3B81D69184300F2565B /* VMainAlert.swift */; };
		DAA6A3EC1D69184300F2565B /* VMainLoader.swift in Sources */ = {isa = PBXBuildFile; fileRef = DAA6A3B91D69184300F2565B /* VMainLoader.swift */; };
		DAA6A3ED1D69184300F2565B /* VMainShadow.swift in Sources */ = {isa = PBXBuildFile; fileRef = DAA6A3BA1D69184300F2565B /* VMainShadow.swift */; };
		DABF046E1D70DA0900012C4C /* MCreateItemDataPropertyItemNotify.swift in Sources */ = {isa = PBXBuildFile; fileRef = DABF046D1D70DA0900012C4C /* MCreateItemDataPropertyItemNotify.swift */; };
		DABF04701D70DAD800012C4C /* VCreateDetailCellNotify.swift in Sources */ = {isa = PBXBuildFile; fileRef = DABF046F1D70DAD800012C4C /* VCreateDetailCellNotify.swift */; };
		DABF04721D70E31700012C4C /* MCreateItemDetailPropertyNotifications.swift in Sources */ = {isa = PBXBuildFile; fileRef = DABF04711D70E31700012C4C /* MCreateItemDetailPropertyNotifications.swift */; };
		DABF04751D70EEA700012C4C /* CGandallers.swift in Sources */ = {isa = PBXBuildFile; fileRef = DABF04741D70EEA700012C4C /* CGandallers.swift */; };
		DABF04781D70EF1E00012C4C /* VGandallers.swift in Sources */ = {isa = PBXBuildFile; fileRef = DABF04771D70EF1E00012C4C /* VGandallers.swift */; };
		DABF047B1D70F17B00012C4C /* MGandallerList.swift in Sources */ = {isa = PBXBuildFile; fileRef = DABF047A1D70F17B00012C4C /* MGandallerList.swift */; };
		DABF047D1D70F18500012C4C /* MGandallerListItem.swift in Sources */ = {isa = PBXBuildFile; fileRef = DABF047C1D70F18500012C4C /* MGandallerListItem.swift */; };
		DABF047F1D70F38A00012C4C /* VGandallersFlow.swift in Sources */ = {isa = PBXBuildFile; fileRef = DABF047E1D70F38A00012C4C /* VGandallersFlow.swift */; };
		DABF04811D70F3B100012C4C /* VGandallersCell.swift in Sources */ = {isa = PBXBuildFile; fileRef = DABF04801D70F3B100012C4C /* VGandallersCell.swift */; };
		DAD713CF1D6A0B67007ABB0C /* VNews.swift in Sources */ = {isa = PBXBuildFile; fileRef = DAD713CE1D6A0B67007ABB0C /* VNews.swift */; };
		DAD713D11D6A11FC007ABB0C /* DGandallaGandaller.swift in Sources */ = {isa = PBXBuildFile; fileRef = DAD713D01D6A11FC007ABB0C /* DGandallaGandaller.swift */; };
		DAD713DE1D6A1361007ABB0C /* MMainNav.swift in Sources */ = {isa = PBXBuildFile; fileRef = DAD713D31D6A1361007ABB0C /* MMainNav.swift */; };
		DAD713DF1D6A1361007ABB0C /* MMainNavItem.swift in Sources */ = {isa = PBXBuildFile; fileRef = DAD713D41D6A1361007ABB0C /* MMainNavItem.swift */; };
		DAD713E01D6A1361007ABB0C /* MMainNavItemCreate.swift in Sources */ = {isa = PBXBuildFile; fileRef = DAD713D51D6A1361007ABB0C /* MMainNavItemCreate.swift */; };
		DAD713E11D6A1361007ABB0C /* MMainNavPos.swift in Sources */ = {isa = PBXBuildFile; fileRef = DAD713D71D6A1361007ABB0C /* MMainNavPos.swift */; };
		DAD713E21D6A1361007ABB0C /* MMainNavPosNormal.swift in Sources */ = {isa = PBXBuildFile; fileRef = DAD713D81D6A1361007ABB0C /* MMainNavPosNormal.swift */; };
		DAD713E31D6A1361007ABB0C /* MMainNavPosPushed.swift in Sources */ = {isa = PBXBuildFile; fileRef = DAD713D91D6A1361007ABB0C /* MMainNavPosPushed.swift */; };
		DAD713E41D6A1361007ABB0C /* MMainNavItemState.swift in Sources */ = {isa = PBXBuildFile; fileRef = DAD713DB1D6A1361007ABB0C /* MMainNavItemState.swift */; };
		DAD713E51D6A1361007ABB0C /* MMainNavItemStateActive.swift in Sources */ = {isa = PBXBuildFile; fileRef = DAD713DC1D6A1361007ABB0C /* MMainNavItemStateActive.swift */; };
		DAD713E61D6A1361007ABB0C /* MMainNavItemStateNone.swift in Sources */ = {isa = PBXBuildFile; fileRef = DAD713DD1D6A1361007ABB0C /* MMainNavItemStateNone.swift */; };
		DAD713E81D6A137A007ABB0C /* MMainNavItemNews.swift in Sources */ = {isa = PBXBuildFile; fileRef = DAD713E71D6A137A007ABB0C /* MMainNavItemNews.swift */; };
		DAD713EA1D6A5CD8007ABB0C /* MMainNavItemLiked.swift in Sources */ = {isa = PBXBuildFile; fileRef = DAD713E91D6A5CD8007ABB0C /* MMainNavItemLiked.swift */; };
		DAD713EC1D6A5CE7007ABB0C /* MMainNavItemChampions.swift in Sources */ = {isa = PBXBuildFile; fileRef = DAD713EB1D6A5CE7007ABB0C /* MMainNavItemChampions.swift */; };
		DAD713EF1D6A5F47007ABB0C /* MUser.swift in Sources */ = {isa = PBXBuildFile; fileRef = DAD713EE1D6A5F47007ABB0C /* MUser.swift */; };
		E4B7B97FC5CC4CDDD05C1E52 /* Pods_gandalla.framework in Frameworks */ = {isa = PBXBuildFile; fileRef = BB6363C319D194C1D235EF34 /* Pods_gandalla.framework */; };
/* End PBXBuildFile section */

/* Begin PBXContainerItemProxy section */
		DADAB97D1D6912AE002637E8 /* PBXContainerItemProxy */ = {
			isa = PBXContainerItemProxy;
			containerPortal = DADAB95D1D6912AE002637E8 /* Project object */;
			proxyType = 1;
			remoteGlobalIDString = DADAB9641D6912AE002637E8;
			remoteInfo = gandalla;
		};
/* End PBXContainerItemProxy section */

/* Begin PBXFileReference section */
		4F2DBF6A5322CF98D13C1607 /* Pods-gandalla.release.xcconfig */ = {isa = PBXFileReference; includeInIndex = 1; lastKnownFileType = text.xcconfig; name = "Pods-gandalla.release.xcconfig"; path = "Pods/Target Support Files/Pods-gandalla/Pods-gandalla.release.xcconfig"; sourceTree = "<group>"; };
		7071DB846720A600ABE48F7F /* Pods-gandalla.debug.xcconfig */ = {isa = PBXFileReference; includeInIndex = 1; lastKnownFileType = text.xcconfig; name = "Pods-gandalla.debug.xcconfig"; path = "Pods/Target Support Files/Pods-gandalla/Pods-gandalla.debug.xcconfig"; sourceTree = "<group>"; };
		BB6363C319D194C1D235EF34 /* Pods_gandalla.framework */ = {isa = PBXFileReference; explicitFileType = wrapper.framework; includeInIndex = 0; path = Pods_gandalla.framework; sourceTree = BUILT_PRODUCTS_DIR; };
		DA13F35B1D6B3F19008AF28A /* MMainNavItemGandallers.swift */ = {isa = PBXFileReference; fileEncoding = 4; lastKnownFileType = sourcecode.swift; path = MMainNavItemGandallers.swift; sourceTree = "<group>"; };
		DA13F36A1D6B450F008AF28A /* FDatabaseModelNews.swift */ = {isa = PBXFileReference; fileEncoding = 4; lastKnownFileType = sourcecode.swift; path = FDatabaseModelNews.swift; sourceTree = "<group>"; };
		DA13F36B1D6B450F008AF28A /* FDatabaseModelNewsJoined.swift */ = {isa = PBXFileReference; fileEncoding = 4; lastKnownFileType = sourcecode.swift; path = FDatabaseModelNewsJoined.swift; sourceTree = "<group>"; };
		DA13F36C1D6B450F008AF28A /* FDatabaseModelNewsPicture.swift */ = {isa = PBXFileReference; fileEncoding = 4; lastKnownFileType = sourcecode.swift; path = FDatabaseModelNewsPicture.swift; sourceTree = "<group>"; };
		DA13F36D1D6B450F008AF28A /* FDatabaseModelNewsPower.swift */ = {isa = PBXFileReference; fileEncoding = 4; lastKnownFileType = sourcecode.swift; path = FDatabaseModelNewsPower.swift; sourceTree = "<group>"; };
		DA13F36E1D6B450F008AF28A /* FDatabaseModelNewsSocial.swift */ = {isa = PBXFileReference; fileEncoding = 4; lastKnownFileType = sourcecode.swift; path = FDatabaseModelNewsSocial.swift; sourceTree = "<group>"; };
		DA13F36F1D6B450F008AF28A /* FDatabaseModelNewsVideo.swift */ = {isa = PBXFileReference; fileEncoding = 4; lastKnownFileType = sourcecode.swift; path = FDatabaseModelNewsVideo.swift; sourceTree = "<group>"; };
		DA13F3711D6B450F008AF28A /* FDatabaseModelUser.swift */ = {isa = PBXFileReference; fileEncoding = 4; lastKnownFileType = sourcecode.swift; path = FDatabaseModelUser.swift; sourceTree = "<group>"; };
		DA13F3791D6B551D008AF28A /* VCreateCell.swift */ = {isa = PBXFileReference; fileEncoding = 4; lastKnownFileType = sourcecode.swift; path = VCreateCell.swift; sourceTree = "<group>"; };
		DA13F37B1D6B55CD008AF28A /* VCreateHeader.swift */ = {isa = PBXFileReference; fileEncoding = 4; lastKnownFileType = sourcecode.swift; path = VCreateHeader.swift; sourceTree = "<group>"; };
		DA13F3831D6B6713008AF28A /* FDatabaseModelGandaller.swift */ = {isa = PBXFileReference; fileEncoding = 4; lastKnownFileType = sourcecode.swift; path = FDatabaseModelGandaller.swift; sourceTree = "<group>"; };
		DA13F3861D6B6771008AF28A /* FDatabaseModelGandallerPaused.swift */ = {isa = PBXFileReference; fileEncoding = 4; lastKnownFileType = sourcecode.swift; path = FDatabaseModelGandallerPaused.swift; sourceTree = "<group>"; };
		DA13F3881D6B677A008AF28A /* FDatabaseModelGandallerActive.swift */ = {isa = PBXFileReference; fileEncoding = 4; lastKnownFileType = sourcecode.swift; path = FDatabaseModelGandallerActive.swift; sourceTree = "<group>"; };
		DA13F38A1D6B6AD3008AF28A /* FDatabaseModelGandallerSocial.swift */ = {isa = PBXFileReference; fileEncoding = 4; lastKnownFileType = sourcecode.swift; path = FDatabaseModelGandallerSocial.swift; sourceTree = "<group>"; };
		DA13F38C1D6B6AE5008AF28A /* FDatabaseModelGandallerSocialHashtag.swift */ = {isa = PBXFileReference; fileEncoding = 4; lastKnownFileType = sourcecode.swift; path = FDatabaseModelGandallerSocialHashtag.swift; sourceTree = "<group>"; };
		DA13F38E1D6B6B01008AF28A /* FDatabaseModelGandallerVideo.swift */ = {isa = PBXFileReference; fileEncoding = 4; lastKnownFileType = sourcecode.swift; path = FDatabaseModelGandallerVideo.swift; sourceTree = "<group>"; };
		DA13F3901D6B6C2F008AF28A /* FDatabaseModelGandallerPower.swift */ = {isa = PBXFileReference; fileEncoding = 4; lastKnownFileType = sourcecode.swift; path = FDatabaseModelGandallerPower.swift; sourceTree = "<group>"; };
		DA13F3921D6B6C3D008AF28A /* FDatabaseModelGandallerImage.swift */ = {isa = PBXFileReference; fileEncoding = 4; lastKnownFileType = sourcecode.swift; path = FDatabaseModelGandallerImage.swift; sourceTree = "<group>"; };
		DA13F3941D6BACBE008AF28A /* CCreateDetail.swift */ = {isa = PBXFileReference; fileEncoding = 4; lastKnownFileType = sourcecode.swift; path = CCreateDetail.swift; sourceTree = "<group>"; };
		DA13F3961D6BAF01008AF28A /* VCreateDetail.swift */ = {isa = PBXFileReference; fileEncoding = 4; lastKnownFileType = sourcecode.swift; path = VCreateDetail.swift; sourceTree = "<group>"; };
		DA13F3981D6BB20C008AF28A /* VCreateDetailCell.swift */ = {isa = PBXFileReference; fileEncoding = 4; lastKnownFileType = sourcecode.swift; path = VCreateDetailCell.swift; sourceTree = "<group>"; };
		DA13F39E1D6BC1F4008AF28A /* VCreateDetailCellText.swift */ = {isa = PBXFileReference; fileEncoding = 4; lastKnownFileType = sourcecode.swift; path = VCreateDetailCellText.swift; sourceTree = "<group>"; };
		DA13F3A01D6BC204008AF28A /* VCreateDetailCellStatus.swift */ = {isa = PBXFileReference; fileEncoding = 4; lastKnownFileType = sourcecode.swift; path = VCreateDetailCellStatus.swift; sourceTree = "<group>"; };
		DA13F3A21D6BC20C008AF28A /* VCreateDetailCellImage.swift */ = {isa = PBXFileReference; fileEncoding = 4; lastKnownFileType = sourcecode.swift; path = VCreateDetailCellImage.swift; sourceTree = "<group>"; };
		DA13F3AA1D6BC684008AF28A /* VCreateDetailHeader.swift */ = {isa = PBXFileReference; fileEncoding = 4; lastKnownFileType = sourcecode.swift; path = VCreateDetailHeader.swift; sourceTree = "<group>"; };
		DA155ADD1D6C96F6000C8C85 /* VCreateDetailCellStarted.swift */ = {isa = PBXFileReference; fileEncoding = 4; lastKnownFileType = sourcecode.swift; path = VCreateDetailCellStarted.swift; sourceTree = "<group>"; };
		DA155AE01D6C9D89000C8C85 /* MCreate.swift */ = {isa = PBXFileReference; fileEncoding = 4; lastKnownFileType = sourcecode.swift; path = MCreate.swift; sourceTree = "<group>"; };
		DA155AE11D6C9D89000C8C85 /* MCreateItem.swift */ = {isa = PBXFileReference; fileEncoding = 4; lastKnownFileType = sourcecode.swift; path = MCreateItem.swift; sourceTree = "<group>"; };
		DA155AE21D6C9D89000C8C85 /* MCreateItemDetail.swift */ = {isa = PBXFileReference; fileEncoding = 4; lastKnownFileType = sourcecode.swift; path = MCreateItemDetail.swift; sourceTree = "<group>"; };
		DA155AE41D6C9D89000C8C85 /* MCreateItemDetailPropertyItem.swift */ = {isa = PBXFileReference; fileEncoding = 4; lastKnownFileType = sourcecode.swift; path = MCreateItemDetailPropertyItem.swift; sourceTree = "<group>"; };
		DA155AE51D6C9D89000C8C85 /* MCreateItemDetailPropertyItemName.swift */ = {isa = PBXFileReference; fileEncoding = 4; lastKnownFileType = sourcecode.swift; path = MCreateItemDetailPropertyItemName.swift; sourceTree = "<group>"; };
		DA155AE61D6C9D89000C8C85 /* MCreateItemDetailPropertyItemStatus.swift */ = {isa = PBXFileReference; fileEncoding = 4; lastKnownFileType = sourcecode.swift; path = MCreateItemDetailPropertyItemStatus.swift; sourceTree = "<group>"; };
		DA155AE81D6C9D89000C8C85 /* MCreateItemDetailProperty.swift */ = {isa = PBXFileReference; fileEncoding = 4; lastKnownFileType = sourcecode.swift; path = MCreateItemDetailProperty.swift; sourceTree = "<group>"; };
		DA155AE91D6C9D89000C8C85 /* MCreateItemDetailPropertyName.swift */ = {isa = PBXFileReference; fileEncoding = 4; lastKnownFileType = sourcecode.swift; path = MCreateItemDetailPropertyName.swift; sourceTree = "<group>"; };
		DA155AEA1D6C9D89000C8C85 /* MCreateItemDetailPropertyStatus.swift */ = {isa = PBXFileReference; fileEncoding = 4; lastKnownFileType = sourcecode.swift; path = MCreateItemDetailPropertyStatus.swift; sourceTree = "<group>"; };
		DA155AF41D6C9DC9000C8C85 /* MCreateItemDetailPropertyItemStarted.swift */ = {isa = PBXFileReference; fileEncoding = 4; lastKnownFileType = sourcecode.swift; path = MCreateItemDetailPropertyItemStarted.swift; sourceTree = "<group>"; };
		DA155AF61D6C9EE7000C8C85 /* MCreateItemDetailPropertyStarted.swift */ = {isa = PBXFileReference; fileEncoding = 4; lastKnownFileType = sourcecode.swift; path = MCreateItemDetailPropertyStarted.swift; sourceTree = "<group>"; };
		DA155AF91D6CA7DD000C8C85 /* MNews.swift */ = {isa = PBXFileReference; fileEncoding = 4; lastKnownFileType = sourcecode.swift; path = MNews.swift; sourceTree = "<group>"; };
		DA155AFC1D6CBA73000C8C85 /* MGandaller.swift */ = {isa = PBXFileReference; fileEncoding = 4; lastKnownFileType = sourcecode.swift; path = MGandaller.swift; sourceTree = "<group>"; };
		DA155AFE1D6CBA89000C8C85 /* MGandallerItem.swift */ = {isa = PBXFileReference; fileEncoding = 4; lastKnownFileType = sourcecode.swift; path = MGandallerItem.swift; sourceTree = "<group>"; };
		DA19122E1D6DED9F001F6F3A /* MCreateItemDetailPropertyImages.swift */ = {isa = PBXFileReference; fileEncoding = 4; lastKnownFileType = sourcecode.swift; path = MCreateItemDetailPropertyImages.swift; sourceTree = "<group>"; };
		DA1912301D6DEE1E001F6F3A /* MCreateItemDetailPropertyItemImage.swift */ = {isa = PBXFileReference; fileEncoding = 4; lastKnownFileType = sourcecode.swift; path = MCreateItemDetailPropertyItemImage.swift; sourceTree = "<group>"; };
		DA1912321D6E0CF3001F6F3A /* FDatabaseModelGandallerImageWaiting.swift */ = {isa = PBXFileReference; fileEncoding = 4; lastKnownFileType = sourcecode.swift; path = FDatabaseModelGandallerImageWaiting.swift; sourceTree = "<group>"; };
		DA1912341D6E0CFE001F6F3A /* FDatabaseModelGandallerImageReady.swift */ = {isa = PBXFileReference; fileEncoding = 4; lastKnownFileType = sourcecode.swift; path = FDatabaseModelGandallerImageReady.swift; sourceTree = "<group>"; };
		DA1912361D6E9DAE001F6F3A /* MGandallerItemImage.swift */ = {isa = PBXFileReference; fileEncoding = 4; lastKnownFileType = sourcecode.swift; path = MGandallerItemImage.swift; sourceTree = "<group>"; };
		DA3C5E781D709282003F5358 /* MCreateItemDetailPropertySocial.swift */ = {isa = PBXFileReference; fileEncoding = 4; lastKnownFileType = sourcecode.swift; path = MCreateItemDetailPropertySocial.swift; sourceTree = "<group>"; };
		DA3C5E7A1D709297003F5358 /* MCreateItemDetailPropertyHashtags.swift */ = {isa = PBXFileReference; fileEncoding = 4; lastKnownFileType = sourcecode.swift; path = MCreateItemDetailPropertyHashtags.swift; sourceTree = "<group>"; };
		DA3C5E7C1D7092A4003F5358 /* MCreateItemDetailPropertyVideos.swift */ = {isa = PBXFileReference; fileEncoding = 4; lastKnownFileType = sourcecode.swift; path = MCreateItemDetailPropertyVideos.swift; sourceTree = "<group>"; };
		DA3C5E7E1D7092F2003F5358 /* MCreateItemDetailPropertyItemFacebook.swift */ = {isa = PBXFileReference; fileEncoding = 4; lastKnownFileType = sourcecode.swift; path = MCreateItemDetailPropertyItemFacebook.swift; sourceTree = "<group>"; };
		DA3C5E801D7092FB003F5358 /* MCreateItemDetailPropertyItemTwitter.swift */ = {isa = PBXFileReference; fileEncoding = 4; lastKnownFileType = sourcecode.swift; path = MCreateItemDetailPropertyItemTwitter.swift; sourceTree = "<group>"; };
		DA3C5E821D709305003F5358 /* MCreateItemDetailPropertyItemInstagram.swift */ = {isa = PBXFileReference; fileEncoding = 4; lastKnownFileType = sourcecode.swift; path = MCreateItemDetailPropertyItemInstagram.swift; sourceTree = "<group>"; };
		DA3C5E841D70930F003F5358 /* MCreateItemDetailPropertyItemHashtag.swift */ = {isa = PBXFileReference; fileEncoding = 4; lastKnownFileType = sourcecode.swift; path = MCreateItemDetailPropertyItemHashtag.swift; sourceTree = "<group>"; };
		DA3C5E861D70931A003F5358 /* MCreateItemDetailPropertyItemVideo.swift */ = {isa = PBXFileReference; fileEncoding = 4; lastKnownFileType = sourcecode.swift; path = MCreateItemDetailPropertyItemVideo.swift; sourceTree = "<group>"; };
		DA42AE571D6FEF680082F43A /* MCreateItemDetailPropertyPowers.swift */ = {isa = PBXFileReference; fileEncoding = 4; lastKnownFileType = sourcecode.swift; path = MCreateItemDetailPropertyPowers.swift; sourceTree = "<group>"; };
		DA42AE591D6FF02D0082F43A /* MCreateItemDetailPropertyItemPower.swift */ = {isa = PBXFileReference; fileEncoding = 4; lastKnownFileType = sourcecode.swift; path = MCreateItemDetailPropertyItemPower.swift; sourceTree = "<group>"; };
		DA65BBB11D722F7300DA8440 /* CGandallerDetail.swift */ = {isa = PBXFileReference; fileEncoding = 4; lastKnownFileType = sourcecode.swift; path = CGandallerDetail.swift; sourceTree = "<group>"; };
		DA65BBB41D722FDD00DA8440 /* VGandallerDetail.swift */ = {isa = PBXFileReference; fileEncoding = 4; lastKnownFileType = sourcecode.swift; path = VGandallerDetail.swift; sourceTree = "<group>"; };
		DA92216B1D691BAA006323FE /* FAnalytics.swift */ = {isa = PBXFileReference; fileEncoding = 4; lastKnownFileType = sourcecode.swift; path = FAnalytics.swift; sourceTree = "<group>"; };
		DA92216E1D691BAA006323FE /* FDatabase.swift */ = {isa = PBXFileReference; fileEncoding = 4; lastKnownFileType = sourcecode.swift; path = FDatabase.swift; sourceTree = "<group>"; };
		DA92216F1D691BAA006323FE /* FDatabaseModel.swift */ = {isa = PBXFileReference; fileEncoding = 4; lastKnownFileType = sourcecode.swift; path = FDatabaseModel.swift; sourceTree = "<group>"; };
		DA9221741D691BAA006323FE /* FMain.swift */ = {isa = PBXFileReference; fileEncoding = 4; lastKnownFileType = sourcecode.swift; path = FMain.swift; sourceTree = "<group>"; };
		DA9221751D691BAA006323FE /* GoogleService-Info.plist */ = {isa = PBXFileReference; fileEncoding = 4; lastKnownFileType = text.plist.xml; path = "GoogleService-Info.plist"; sourceTree = "<group>"; };
		DA9221771D691BAA006323FE /* FStorage.swift */ = {isa = PBXFileReference; fileEncoding = 4; lastKnownFileType = sourcecode.swift; path = FStorage.swift; sourceTree = "<group>"; };
		DA9221871D6A0B0D006323FE /* CNews.swift */ = {isa = PBXFileReference; fileEncoding = 4; lastKnownFileType = sourcecode.swift; path = CNews.swift; sourceTree = "<group>"; };
		DAA5800C1D6D1A1C00EC941A /* MNewsItem.swift */ = {isa = PBXFileReference; fileEncoding = 4; lastKnownFileType = sourcecode.swift; path = MNewsItem.swift; sourceTree = "<group>"; };
		DAA5800E1D6D2A4400EC941A /* VNewsCell.swift */ = {isa = PBXFileReference; fileEncoding = 4; lastKnownFileType = sourcecode.swift; path = VNewsCell.swift; sourceTree = "<group>"; };
		DAA580101D6D2BBF00EC941A /* VNewsCellJoined.swift */ = {isa = PBXFileReference; fileEncoding = 4; lastKnownFileType = sourcecode.swift; path = VNewsCellJoined.swift; sourceTree = "<group>"; };
		DAA580121D6D2BD100EC941A /* VNewsCellPicture.swift */ = {isa = PBXFileReference; fileEncoding = 4; lastKnownFileType = sourcecode.swift; path = VNewsCellPicture.swift; sourceTree = "<group>"; };
		DAA580141D6D2BD900EC941A /* VNewsCellPower.swift */ = {isa = PBXFileReference; fileEncoding = 4; lastKnownFileType = sourcecode.swift; path = VNewsCellPower.swift; sourceTree = "<group>"; };
		DAA580161D6D2BE600EC941A /* VNewsCellSocial.swift */ = {isa = PBXFileReference; fileEncoding = 4; lastKnownFileType = sourcecode.swift; path = VNewsCellSocial.swift; sourceTree = "<group>"; };
		DAA580181D6D2BEE00EC941A /* VNewsCellVideo.swift */ = {isa = PBXFileReference; fileEncoding = 4; lastKnownFileType = sourcecode.swift; path = VNewsCellVideo.swift; sourceTree = "<group>"; };
		DAA6A3711D69184300F2565B /* brand.xcassets */ = {isa = PBXFileReference; lastKnownFileType = folder.assetcatalog; path = brand.xcassets; sourceTree = "<group>"; };
		DAA6A3721D69184300F2565B /* ui.xcassets */ = {isa = PBXFileReference; lastKnownFileType = folder.assetcatalog; path = ui.xcassets; sourceTree = "<group>"; };
		DAA6A3741D69184300F2565B /* CategoryMKAnnotationView.swift */ = {isa = PBXFileReference; fileEncoding = 4; lastKnownFileType = sourcecode.swift; path = CategoryMKAnnotationView.swift; sourceTree = "<group>"; };
		DAA6A3751D69184300F2565B /* CategoryNSDate.swift */ = {isa = PBXFileReference; fileEncoding = 4; lastKnownFileType = sourcecode.swift; path = CategoryNSDate.swift; sourceTree = "<group>"; };
		DAA6A3761D69184300F2565B /* CategoryNSFileManager.swift */ = {isa = PBXFileReference; fileEncoding = 4; lastKnownFileType = sourcecode.swift; path = CategoryNSFileManager.swift; sourceTree = "<group>"; };
		DAA6A3771D69184300F2565B /* CategoryNSManagerdObject.swift */ = {isa = PBXFileReference; fileEncoding = 4; lastKnownFileType = sourcecode.swift; path = CategoryNSManagerdObject.swift; sourceTree = "<group>"; };
		DAA6A3781D69184300F2565B /* CategoryNSNotification.swift */ = {isa = PBXFileReference; fileEncoding = 4; lastKnownFileType = sourcecode.swift; path = CategoryNSNotification.swift; sourceTree = "<group>"; };
		DAA6A3791D69184300F2565B /* CategoryUICollectionReusableView.swift */ = {isa = PBXFileReference; fileEncoding = 4; lastKnownFileType = sourcecode.swift; path = CategoryUICollectionReusableView.swift; sourceTree = "<group>"; };
		DAA6A37A1D69184300F2565B /* CategoryUIColor.swift */ = {isa = PBXFileReference; fileEncoding = 4; lastKnownFileType = sourcecode.swift; path = CategoryUIColor.swift; sourceTree = "<group>"; };
		DAA6A37B1D69184300F2565B /* CategoryUIFont.swift */ = {isa = PBXFileReference; fileEncoding = 4; lastKnownFileType = sourcecode.swift; path = CategoryUIFont.swift; sourceTree = "<group>"; };
		DAA6A37C1D69184300F2565B /* CategoryUILocalNotification.swift */ = {isa = PBXFileReference; fileEncoding = 4; lastKnownFileType = sourcecode.swift; path = CategoryUILocalNotification.swift; sourceTree = "<group>"; };
		DAA6A37D1D69184300F2565B /* CategoryUIViewController.swift */ = {isa = PBXFileReference; fileEncoding = 4; lastKnownFileType = sourcecode.swift; path = CategoryUIViewController.swift; sourceTree = "<group>"; };
		DAA6A3801D69184300F2565B /* CCreate.swift */ = {isa = PBXFileReference; fileEncoding = 4; lastKnownFileType = sourcecode.swift; path = CCreate.swift; sourceTree = "<group>"; };
		DAA6A3821D69184300F2565B /* CMain.swift */ = {isa = PBXFileReference; fileEncoding = 4; lastKnownFileType = sourcecode.swift; path = CMain.swift; sourceTree = "<group>"; };
		DAA6A3831D69184300F2565B /* CMainController.swift */ = {isa = PBXFileReference; fileEncoding = 4; lastKnownFileType = sourcecode.swift; path = CMainController.swift; sourceTree = "<group>"; };
		DAA6A3841D69184300F2565B /* CMainParent.swift */ = {isa = PBXFileReference; fileEncoding = 4; lastKnownFileType = sourcecode.swift; path = CMainParent.swift; sourceTree = "<group>"; };
		DAA6A3871D69184300F2565B /* DManager.swift */ = {isa = PBXFileReference; fileEncoding = 4; lastKnownFileType = sourcecode.swift; path = DManager.swift; sourceTree = "<group>"; };
		DAA6A3881D69184300F2565B /* DManagerModel.swift */ = {isa = PBXFileReference; fileEncoding = 4; lastKnownFileType = sourcecode.swift; path = DManagerModel.swift; sourceTree = "<group>"; };
		DAA6A3891D69184300F2565B /* DManagerModelGandalla.swift */ = {isa = PBXFileReference; fileEncoding = 4; lastKnownFileType = sourcecode.swift; path = DManagerModelGandalla.swift; sourceTree = "<group>"; };
		DAA6A38A1D69184300F2565B /* DManagerSaver.swift */ = {isa = PBXFileReference; fileEncoding = 4; lastKnownFileType = sourcecode.swift; path = DManagerSaver.swift; sourceTree = "<group>"; };
		DAA6A38D1D69184300F2565B /* infra.xcdatamodel */ = {isa = PBXFileReference; lastKnownFileType = wrapper.xcdatamodel; path = infra.xcdatamodel; sourceTree = "<group>"; };
		DAA6A3901D69184300F2565B /* DGandallaUser.swift */ = {isa = PBXFileReference; fileEncoding = 4; lastKnownFileType = sourcecode.swift; path = DGandallaUser.swift; sourceTree = "<group>"; };
		DAA6A3911D69184300F2565B /* Info.plist */ = {isa = PBXFileReference; fileEncoding = 4; lastKnownFileType = text.plist.xml; path = Info.plist; sourceTree = "<group>"; };
		DAA6A3A11D69184300F2565B /* MMainTransition.swift */ = {isa = PBXFileReference; fileEncoding = 4; lastKnownFileType = sourcecode.swift; path = MMainTransition.swift; sourceTree = "<group>"; };
		DAA6A3A21D69184300F2565B /* MMainTransitionFade.swift */ = {isa = PBXFileReference; fileEncoding = 4; lastKnownFileType = sourcecode.swift; path = MMainTransitionFade.swift; sourceTree = "<group>"; };
		DAA6A3A31D69184300F2565B /* MMainTransitionPop.swift */ = {isa = PBXFileReference; fileEncoding = 4; lastKnownFileType = sourcecode.swift; path = MMainTransitionPop.swift; sourceTree = "<group>"; };
		DAA6A3A41D69184300F2565B /* MMainTransitionPush.swift */ = {isa = PBXFileReference; fileEncoding = 4; lastKnownFileType = sourcecode.swift; path = MMainTransitionPush.swift; sourceTree = "<group>"; };
		DAA6A3A51D69184300F2565B /* MMainTransitionReplace.swift */ = {isa = PBXFileReference; fileEncoding = 4; lastKnownFileType = sourcecode.swift; path = MMainTransitionReplace.swift; sourceTree = "<group>"; };
		DAA6A3A61D69184300F2565B /* MMainTransitionScrollLeft.swift */ = {isa = PBXFileReference; fileEncoding = 4; lastKnownFileType = sourcecode.swift; path = MMainTransitionScrollLeft.swift; sourceTree = "<group>"; };
		DAA6A3A71D69184300F2565B /* MMainTransitionScrollRight.swift */ = {isa = PBXFileReference; fileEncoding = 4; lastKnownFileType = sourcecode.swift; path = MMainTransitionScrollRight.swift; sourceTree = "<group>"; };
		DAA6A3AA1D69184300F2565B /* en */ = {isa = PBXFileReference; lastKnownFileType = text.plist.strings; name = en; path = en.lproj/Localizable.strings; sourceTree = "<group>"; };
		DAA6A3AB1D69184300F2565B /* LaunchScreen.storyboard */ = {isa = PBXFileReference; fileEncoding = 4; lastKnownFileType = file.storyboard; path = LaunchScreen.storyboard; sourceTree = "<group>"; };
		DAA6A3AD1D69184300F2565B /* gandallaTests.swift */ = {isa = PBXFileReference; fileEncoding = 4; lastKnownFileType = sourcecode.swift; path = gandallaTests.swift; sourceTree = "<group>"; };
		DAA6A3AE1D69184300F2565B /* Info.plist */ = {isa = PBXFileReference; fileEncoding = 4; lastKnownFileType = text.plist.xml; path = Info.plist; sourceTree = "<group>"; };
		DAA6A3B11D69184300F2565B /* VCreate.swift */ = {isa = PBXFileReference; fileEncoding = 4; lastKnownFileType = sourcecode.swift; path = VCreate.swift; sourceTree = "<group>"; };
		DAA6A3B41D69184300F2565B /* VMainBar.swift */ = {isa = PBXFileReference; fileEncoding = 4; lastKnownFileType = sourcecode.swift; path = VMainBar.swift; sourceTree = "<group>"; };
		DAA6A3B51D69184300F2565B /* VMainBarBack.swift */ = {isa = PBXFileReference; fileEncoding = 4; lastKnownFileType = sourcecode.swift; path = VMainBarBack.swift; sourceTree = "<group>"; };
		DAA6A3B61D69184300F2565B /* VMainBarCell.swift */ = {isa = PBXFileReference; fileEncoding = 4; lastKnownFileType = sourcecode.swift; path = VMainBarCell.swift; sourceTree = "<group>"; };
		DAA6A3B81D69184300F2565B /* VMainAlert.swift */ = {isa = PBXFileReference; fileEncoding = 4; lastKnownFileType = sourcecode.swift; path = VMainAlert.swift; sourceTree = "<group>"; };
		DAA6A3B91D69184300F2565B /* VMainLoader.swift */ = {isa = PBXFileReference; fileEncoding = 4; lastKnownFileType = sourcecode.swift; path = VMainLoader.swift; sourceTree = "<group>"; };
		DAA6A3BA1D69184300F2565B /* VMainShadow.swift */ = {isa = PBXFileReference; fileEncoding = 4; lastKnownFileType = sourcecode.swift; path = VMainShadow.swift; sourceTree = "<group>"; };
		DABF046D1D70DA0900012C4C /* MCreateItemDataPropertyItemNotify.swift */ = {isa = PBXFileReference; fileEncoding = 4; lastKnownFileType = sourcecode.swift; path = MCreateItemDataPropertyItemNotify.swift; sourceTree = "<group>"; };
		DABF046F1D70DAD800012C4C /* VCreateDetailCellNotify.swift */ = {isa = PBXFileReference; fileEncoding = 4; lastKnownFileType = sourcecode.swift; path = VCreateDetailCellNotify.swift; sourceTree = "<group>"; };
		DABF04711D70E31700012C4C /* MCreateItemDetailPropertyNotifications.swift */ = {isa = PBXFileReference; fileEncoding = 4; lastKnownFileType = sourcecode.swift; path = MCreateItemDetailPropertyNotifications.swift; sourceTree = "<group>"; };
		DABF04741D70EEA700012C4C /* CGandallers.swift */ = {isa = PBXFileReference; fileEncoding = 4; lastKnownFileType = sourcecode.swift; path = CGandallers.swift; sourceTree = "<group>"; };
		DABF04771D70EF1E00012C4C /* VGandallers.swift */ = {isa = PBXFileReference; fileEncoding = 4; lastKnownFileType = sourcecode.swift; path = VGandallers.swift; sourceTree = "<group>"; };
		DABF047A1D70F17B00012C4C /* MGandallerList.swift */ = {isa = PBXFileReference; fileEncoding = 4; lastKnownFileType = sourcecode.swift; path = MGandallerList.swift; sourceTree = "<group>"; };
		DABF047C1D70F18500012C4C /* MGandallerListItem.swift */ = {isa = PBXFileReference; fileEncoding = 4; lastKnownFileType = sourcecode.swift; path = MGandallerListItem.swift; sourceTree = "<group>"; };
		DABF047E1D70F38A00012C4C /* VGandallersFlow.swift */ = {isa = PBXFileReference; fileEncoding = 4; lastKnownFileType = sourcecode.swift; path = VGandallersFlow.swift; sourceTree = "<group>"; };
		DABF04801D70F3B100012C4C /* VGandallersCell.swift */ = {isa = PBXFileReference; fileEncoding = 4; lastKnownFileType = sourcecode.swift; path = VGandallersCell.swift; sourceTree = "<group>"; };
		DAD713CE1D6A0B67007ABB0C /* VNews.swift */ = {isa = PBXFileReference; fileEncoding = 4; lastKnownFileType = sourcecode.swift; path = VNews.swift; sourceTree = "<group>"; };
		DAD713D01D6A11FC007ABB0C /* DGandallaGandaller.swift */ = {isa = PBXFileReference; fileEncoding = 4; lastKnownFileType = sourcecode.swift; path = DGandallaGandaller.swift; sourceTree = "<group>"; };
		DAD713D31D6A1361007ABB0C /* MMainNav.swift */ = {isa = PBXFileReference; fileEncoding = 4; lastKnownFileType = sourcecode.swift; path = MMainNav.swift; sourceTree = "<group>"; };
		DAD713D41D6A1361007ABB0C /* MMainNavItem.swift */ = {isa = PBXFileReference; fileEncoding = 4; lastKnownFileType = sourcecode.swift; path = MMainNavItem.swift; sourceTree = "<group>"; };
		DAD713D51D6A1361007ABB0C /* MMainNavItemCreate.swift */ = {isa = PBXFileReference; fileEncoding = 4; lastKnownFileType = sourcecode.swift; path = MMainNavItemCreate.swift; sourceTree = "<group>"; };
		DAD713D71D6A1361007ABB0C /* MMainNavPos.swift */ = {isa = PBXFileReference; fileEncoding = 4; lastKnownFileType = sourcecode.swift; path = MMainNavPos.swift; sourceTree = "<group>"; };
		DAD713D81D6A1361007ABB0C /* MMainNavPosNormal.swift */ = {isa = PBXFileReference; fileEncoding = 4; lastKnownFileType = sourcecode.swift; path = MMainNavPosNormal.swift; sourceTree = "<group>"; };
		DAD713D91D6A1361007ABB0C /* MMainNavPosPushed.swift */ = {isa = PBXFileReference; fileEncoding = 4; lastKnownFileType = sourcecode.swift; path = MMainNavPosPushed.swift; sourceTree = "<group>"; };
		DAD713DB1D6A1361007ABB0C /* MMainNavItemState.swift */ = {isa = PBXFileReference; fileEncoding = 4; lastKnownFileType = sourcecode.swift; path = MMainNavItemState.swift; sourceTree = "<group>"; };
		DAD713DC1D6A1361007ABB0C /* MMainNavItemStateActive.swift */ = {isa = PBXFileReference; fileEncoding = 4; lastKnownFileType = sourcecode.swift; path = MMainNavItemStateActive.swift; sourceTree = "<group>"; };
		DAD713DD1D6A1361007ABB0C /* MMainNavItemStateNone.swift */ = {isa = PBXFileReference; fileEncoding = 4; lastKnownFileType = sourcecode.swift; path = MMainNavItemStateNone.swift; sourceTree = "<group>"; };
		DAD713E71D6A137A007ABB0C /* MMainNavItemNews.swift */ = {isa = PBXFileReference; fileEncoding = 4; lastKnownFileType = sourcecode.swift; path = MMainNavItemNews.swift; sourceTree = "<group>"; };
		DAD713E91D6A5CD8007ABB0C /* MMainNavItemLiked.swift */ = {isa = PBXFileReference; fileEncoding = 4; lastKnownFileType = sourcecode.swift; path = MMainNavItemLiked.swift; sourceTree = "<group>"; };
		DAD713EB1D6A5CE7007ABB0C /* MMainNavItemChampions.swift */ = {isa = PBXFileReference; fileEncoding = 4; lastKnownFileType = sourcecode.swift; path = MMainNavItemChampions.swift; sourceTree = "<group>"; };
		DAD713EE1D6A5F47007ABB0C /* MUser.swift */ = {isa = PBXFileReference; fileEncoding = 4; lastKnownFileType = sourcecode.swift; path = MUser.swift; sourceTree = "<group>"; };
		DADAB9651D6912AE002637E8 /* gandalla.app */ = {isa = PBXFileReference; explicitFileType = wrapper.application; includeInIndex = 0; path = gandalla.app; sourceTree = BUILT_PRODUCTS_DIR; };
		DADAB97C1D6912AE002637E8 /* test.xctest */ = {isa = PBXFileReference; explicitFileType = wrapper.cfbundle; includeInIndex = 0; path = test.xctest; sourceTree = BUILT_PRODUCTS_DIR; };
/* End PBXFileReference section */

/* Begin PBXFrameworksBuildPhase section */
		DADAB9621D6912AE002637E8 /* Frameworks */ = {
			isa = PBXFrameworksBuildPhase;
			buildActionMask = 2147483647;
			files = (
				E4B7B97FC5CC4CDDD05C1E52 /* Pods_gandalla.framework in Frameworks */,
			);
			runOnlyForDeploymentPostprocessing = 0;
		};
		DADAB9791D6912AE002637E8 /* Frameworks */ = {
			isa = PBXFrameworksBuildPhase;
			buildActionMask = 2147483647;
			files = (
			);
			runOnlyForDeploymentPostprocessing = 0;
		};
/* End PBXFrameworksBuildPhase section */

/* Begin PBXGroup section */
		6029ADBB29469C9C705FCC9E /* Pods */ = {
			isa = PBXGroup;
			children = (
				7071DB846720A600ABE48F7F /* Pods-gandalla.debug.xcconfig */,
				4F2DBF6A5322CF98D13C1607 /* Pods-gandalla.release.xcconfig */,
			);
			name = Pods;
			sourceTree = "<group>";
		};
		BB054FCB8FDBC48862860CF3 /* Frameworks */ = {
			isa = PBXGroup;
			children = (
				BB6363C319D194C1D235EF34 /* Pods_gandalla.framework */,
			);
			name = Frameworks;
			sourceTree = "<group>";
		};
		DA13F3691D6B450F008AF28A /* News */ = {
			isa = PBXGroup;
			children = (
				DA13F36A1D6B450F008AF28A /* FDatabaseModelNews.swift */,
				DA13F36B1D6B450F008AF28A /* FDatabaseModelNewsJoined.swift */,
				DA13F36C1D6B450F008AF28A /* FDatabaseModelNewsPicture.swift */,
				DA13F36D1D6B450F008AF28A /* FDatabaseModelNewsPower.swift */,
				DA13F36E1D6B450F008AF28A /* FDatabaseModelNewsSocial.swift */,
				DA13F36F1D6B450F008AF28A /* FDatabaseModelNewsVideo.swift */,
			);
			path = News;
			sourceTree = "<group>";
		};
		DA13F3701D6B450F008AF28A /* User */ = {
			isa = PBXGroup;
			children = (
				DA13F3711D6B450F008AF28A /* FDatabaseModelUser.swift */,
			);
			path = User;
			sourceTree = "<group>";
		};
		DA13F37F1D6B5B4B008AF28A /* Gandaller */ = {
			isa = PBXGroup;
			children = (
				DA13F3821D6B6713008AF28A /* Base */,
				DA13F3841D6B6713008AF28A /* Property */,
			);
			path = Gandaller;
			sourceTree = "<group>";
		};
		DA13F3821D6B6713008AF28A /* Base */ = {
			isa = PBXGroup;
			children = (
				DA13F3831D6B6713008AF28A /* FDatabaseModelGandaller.swift */,
				DA13F3861D6B6771008AF28A /* FDatabaseModelGandallerPaused.swift */,
				DA13F3881D6B677A008AF28A /* FDatabaseModelGandallerActive.swift */,
			);
			path = Base;
			sourceTree = "<group>";
		};
		DA13F3841D6B6713008AF28A /* Property */ = {
			isa = PBXGroup;
			children = (
				DA13F38A1D6B6AD3008AF28A /* FDatabaseModelGandallerSocial.swift */,
				DA13F38C1D6B6AE5008AF28A /* FDatabaseModelGandallerSocialHashtag.swift */,
				DA13F38E1D6B6B01008AF28A /* FDatabaseModelGandallerVideo.swift */,
				DA13F3901D6B6C2F008AF28A /* FDatabaseModelGandallerPower.swift */,
				DA13F3921D6B6C3D008AF28A /* FDatabaseModelGandallerImage.swift */,
				DA1912321D6E0CF3001F6F3A /* FDatabaseModelGandallerImageWaiting.swift */,
				DA1912341D6E0CFE001F6F3A /* FDatabaseModelGandallerImageReady.swift */,
			);
			path = Property;
			sourceTree = "<group>";
		};
		DA155ADF1D6C9D89000C8C85 /* Base */ = {
			isa = PBXGroup;
			children = (
				DA155AE01D6C9D89000C8C85 /* MCreate.swift */,
				DA155AE11D6C9D89000C8C85 /* MCreateItem.swift */,
				DA155AE21D6C9D89000C8C85 /* MCreateItemDetail.swift */,
			);
			path = Base;
			sourceTree = "<group>";
		};
		DA155AE31D6C9D89000C8C85 /* Item */ = {
			isa = PBXGroup;
			children = (
				DA155AE41D6C9D89000C8C85 /* MCreateItemDetailPropertyItem.swift */,
				DA155AE51D6C9D89000C8C85 /* MCreateItemDetailPropertyItemName.swift */,
				DA155AE61D6C9D89000C8C85 /* MCreateItemDetailPropertyItemStatus.swift */,
				DA155AF41D6C9DC9000C8C85 /* MCreateItemDetailPropertyItemStarted.swift */,
				DA1912301D6DEE1E001F6F3A /* MCreateItemDetailPropertyItemImage.swift */,
				DA42AE591D6FF02D0082F43A /* MCreateItemDetailPropertyItemPower.swift */,
				DA3C5E7E1D7092F2003F5358 /* MCreateItemDetailPropertyItemFacebook.swift */,
				DA3C5E801D7092FB003F5358 /* MCreateItemDetailPropertyItemTwitter.swift */,
				DA3C5E821D709305003F5358 /* MCreateItemDetailPropertyItemInstagram.swift */,
				DA3C5E841D70930F003F5358 /* MCreateItemDetailPropertyItemHashtag.swift */,
				DA3C5E861D70931A003F5358 /* MCreateItemDetailPropertyItemVideo.swift */,
				DABF046D1D70DA0900012C4C /* MCreateItemDataPropertyItemNotify.swift */,
			);
			path = Item;
			sourceTree = "<group>";
		};
		DA155AE71D6C9D89000C8C85 /* Section */ = {
			isa = PBXGroup;
			children = (
				DA155AE81D6C9D89000C8C85 /* MCreateItemDetailProperty.swift */,
				DA155AE91D6C9D89000C8C85 /* MCreateItemDetailPropertyName.swift */,
				DA155AEA1D6C9D89000C8C85 /* MCreateItemDetailPropertyStatus.swift */,
				DA155AF61D6C9EE7000C8C85 /* MCreateItemDetailPropertyStarted.swift */,
				DA19122E1D6DED9F001F6F3A /* MCreateItemDetailPropertyImages.swift */,
				DA42AE571D6FEF680082F43A /* MCreateItemDetailPropertyPowers.swift */,
				DA3C5E781D709282003F5358 /* MCreateItemDetailPropertySocial.swift */,
				DA3C5E7A1D709297003F5358 /* MCreateItemDetailPropertyHashtags.swift */,
				DA3C5E7C1D7092A4003F5358 /* MCreateItemDetailPropertyVideos.swift */,
				DABF04711D70E31700012C4C /* MCreateItemDetailPropertyNotifications.swift */,
			);
			path = Section;
			sourceTree = "<group>";
		};
		DA155AF81D6CA7D3000C8C85 /* News */ = {
			isa = PBXGroup;
			children = (
				DA155AF91D6CA7DD000C8C85 /* MNews.swift */,
				DAA5800C1D6D1A1C00EC941A /* MNewsItem.swift */,
			);
			path = News;
			sourceTree = "<group>";
		};
		DA155AFB1D6CBA6A000C8C85 /* Gandaller */ = {
			isa = PBXGroup;
			children = (
				DA155AFC1D6CBA73000C8C85 /* MGandaller.swift */,
				DA155AFE1D6CBA89000C8C85 /* MGandallerItem.swift */,
				DA1912361D6E9DAE001F6F3A /* MGandallerItemImage.swift */,
			);
			path = Gandaller;
			sourceTree = "<group>";
		};
		DA65BBB31D722FCE00DA8440 /* GandallerDetail */ = {
			isa = PBXGroup;
			children = (
				DA65BBB41D722FDD00DA8440 /* VGandallerDetail.swift */,
			);
			path = GandallerDetail;
			sourceTree = "<group>";
		};
		DA9221691D691BAA006323FE /* Firebase */ = {
			isa = PBXGroup;
			children = (
				DA92216A1D691BAA006323FE /* Analytics */,
				DA92216C1D691BAA006323FE /* Database */,
				DA9221731D691BAA006323FE /* Main */,
				DA9221761D691BAA006323FE /* Storage */,
			);
			path = Firebase;
			sourceTree = "<group>";
		};
		DA92216A1D691BAA006323FE /* Analytics */ = {
			isa = PBXGroup;
			children = (
				DA92216B1D691BAA006323FE /* FAnalytics.swift */,
			);
			path = Analytics;
			sourceTree = "<group>";
		};
		DA92216C1D691BAA006323FE /* Database */ = {
			isa = PBXGroup;
			children = (
				DA92216D1D691BAA006323FE /* Base */,
				DA9221701D691BAA006323FE /* Models */,
			);
			path = Database;
			sourceTree = "<group>";
		};
		DA92216D1D691BAA006323FE /* Base */ = {
			isa = PBXGroup;
			children = (
				DA92216E1D691BAA006323FE /* FDatabase.swift */,
				DA92216F1D691BAA006323FE /* FDatabaseModel.swift */,
			);
			path = Base;
			sourceTree = "<group>";
		};
		DA9221701D691BAA006323FE /* Models */ = {
			isa = PBXGroup;
			children = (
				DA13F37F1D6B5B4B008AF28A /* Gandaller */,
				DA13F3691D6B450F008AF28A /* News */,
				DA13F3701D6B450F008AF28A /* User */,
			);
			path = Models;
			sourceTree = "<group>";
		};
		DA9221731D691BAA006323FE /* Main */ = {
			isa = PBXGroup;
			children = (
				DA9221741D691BAA006323FE /* FMain.swift */,
				DA9221751D691BAA006323FE /* GoogleService-Info.plist */,
			);
			path = Main;
			sourceTree = "<group>";
		};
		DA9221761D691BAA006323FE /* Storage */ = {
			isa = PBXGroup;
			children = (
				DA9221771D691BAA006323FE /* FStorage.swift */,
			);
			path = Storage;
			sourceTree = "<group>";
		};
		DA9221861D6A0B04006323FE /* News */ = {
			isa = PBXGroup;
			children = (
				DA9221871D6A0B0D006323FE /* CNews.swift */,
			);
			path = News;
			sourceTree = "<group>";
		};
		DAA6A3701D69184300F2565B /* Asset */ = {
			isa = PBXGroup;
			children = (
				DAA6A3711D69184300F2565B /* brand.xcassets */,
				DAA6A3721D69184300F2565B /* ui.xcassets */,
			);
			path = Asset;
			sourceTree = "<group>";
		};
		DAA6A3731D69184300F2565B /* Category */ = {
			isa = PBXGroup;
			children = (
				DAA6A3741D69184300F2565B /* CategoryMKAnnotationView.swift */,
				DAA6A3751D69184300F2565B /* CategoryNSDate.swift */,
				DAA6A3761D69184300F2565B /* CategoryNSFileManager.swift */,
				DAA6A3771D69184300F2565B /* CategoryNSManagerdObject.swift */,
				DAA6A3781D69184300F2565B /* CategoryNSNotification.swift */,
				DAA6A3791D69184300F2565B /* CategoryUICollectionReusableView.swift */,
				DAA6A37A1D69184300F2565B /* CategoryUIColor.swift */,
				DAA6A37B1D69184300F2565B /* CategoryUIFont.swift */,
				DAA6A37C1D69184300F2565B /* CategoryUILocalNotification.swift */,
				DAA6A37D1D69184300F2565B /* CategoryUIViewController.swift */,
			);
			path = Category;
			sourceTree = "<group>";
		};
		DAA6A37E1D69184300F2565B /* Controller */ = {
			isa = PBXGroup;
			children = (
				DABF04731D70EE9000012C4C /* Gandallers */,
				DA9221861D6A0B04006323FE /* News */,
				DAA6A37F1D69184300F2565B /* Create */,
				DAA6A3811D69184300F2565B /* Main */,
			);
			path = Controller;
			sourceTree = "<group>";
		};
		DAA6A37F1D69184300F2565B /* Create */ = {
			isa = PBXGroup;
			children = (
				DAA6A3801D69184300F2565B /* CCreate.swift */,
				DA13F3941D6BACBE008AF28A /* CCreateDetail.swift */,
			);
			path = Create;
			sourceTree = "<group>";
		};
		DAA6A3811D69184300F2565B /* Main */ = {
			isa = PBXGroup;
			children = (
				DAA6A3821D69184300F2565B /* CMain.swift */,
				DAA6A3831D69184300F2565B /* CMainController.swift */,
				DAA6A3841D69184300F2565B /* CMainParent.swift */,
			);
			path = Main;
			sourceTree = "<group>";
		};
		DAA6A3851D69184300F2565B /* Data */ = {
			isa = PBXGroup;
			children = (
				DAA6A3861D69184300F2565B /* Manager */,
				DAA6A38B1D69184300F2565B /* Model */,
				DAA6A38E1D69184300F2565B /* Object */,
			);
			path = Data;
			sourceTree = "<group>";
		};
		DAA6A3861D69184300F2565B /* Manager */ = {
			isa = PBXGroup;
			children = (
				DAA6A3871D69184300F2565B /* DManager.swift */,
				DAA6A3881D69184300F2565B /* DManagerModel.swift */,
				DAA6A3891D69184300F2565B /* DManagerModelGandalla.swift */,
				DAA6A38A1D69184300F2565B /* DManagerSaver.swift */,
			);
			path = Manager;
			sourceTree = "<group>";
		};
		DAA6A38B1D69184300F2565B /* Model */ = {
			isa = PBXGroup;
			children = (
				DAA6A38C1D69184300F2565B /* DGandallaModel.xcdatamodeld */,
			);
			path = Model;
			sourceTree = "<group>";
		};
		DAA6A38E1D69184300F2565B /* Object */ = {
			isa = PBXGroup;
			children = (
				DAA6A38F1D69184300F2565B /* Gandalla */,
			);
			path = Object;
			sourceTree = "<group>";
		};
		DAA6A38F1D69184300F2565B /* Gandalla */ = {
			isa = PBXGroup;
			children = (
				DAA6A3901D69184300F2565B /* DGandallaUser.swift */,
				DAD713D01D6A11FC007ABB0C /* DGandallaGandaller.swift */,
			);
			path = Gandalla;
			sourceTree = "<group>";
		};
		DAA6A3921D69184300F2565B /* Model */ = {
			isa = PBXGroup;
			children = (
				DA65BBB31D722FCE00DA8440 /* GandallerDetail */,
				DABF04791D70F17200012C4C /* GandallerList */,
				DA155AFB1D6CBA6A000C8C85 /* Gandaller */,
				DA155AF81D6CA7D3000C8C85 /* News */,
				DAD713ED1D6A5F3D007ABB0C /* User */,
				DAA6A3931D69184300F2565B /* Create */,
				DAA6A3951D69184300F2565B /* Main */,
			);
			path = Model;
			sourceTree = "<group>";
		};
		DAA6A3931D69184300F2565B /* Create */ = {
			isa = PBXGroup;
			children = (
				DA155ADF1D6C9D89000C8C85 /* Base */,
				DA155AE31D6C9D89000C8C85 /* Item */,
				DA155AE71D6C9D89000C8C85 /* Section */,
			);
			path = Create;
			sourceTree = "<group>";
		};
		DAA6A3951D69184300F2565B /* Main */ = {
			isa = PBXGroup;
			children = (
				DAA6A3961D69184300F2565B /* Nav */,
				DAA6A3A01D69184300F2565B /* Transition */,
			);
			path = Main;
			sourceTree = "<group>";
		};
		DAA6A3961D69184300F2565B /* Nav */ = {
			isa = PBXGroup;
			children = (
				DAD713D21D6A1361007ABB0C /* Item */,
				DAD713D61D6A1361007ABB0C /* Pos */,
				DAD713DA1D6A1361007ABB0C /* State */,
			);
			path = Nav;
			sourceTree = "<group>";
		};
		DAA6A3A01D69184300F2565B /* Transition */ = {
			isa = PBXGroup;
			children = (
				DAA6A3A11D69184300F2565B /* MMainTransition.swift */,
				DAA6A3A21D69184300F2565B /* MMainTransitionFade.swift */,
				DAA6A3A31D69184300F2565B /* MMainTransitionPop.swift */,
				DAA6A3A41D69184300F2565B /* MMainTransitionPush.swift */,
				DAA6A3A51D69184300F2565B /* MMainTransitionReplace.swift */,
				DAA6A3A61D69184300F2565B /* MMainTransitionScrollLeft.swift */,
				DAA6A3A71D69184300F2565B /* MMainTransitionScrollRight.swift */,
			);
			path = Transition;
			sourceTree = "<group>";
		};
		DAA6A3A81D69184300F2565B /* Resource */ = {
			isa = PBXGroup;
			children = (
				DAA6A3A91D69184300F2565B /* Localizable.strings */,
				DAA6A3AB1D69184300F2565B /* LaunchScreen.storyboard */,
			);
			path = Resource;
			sourceTree = "<group>";
		};
		DAA6A3AC1D69184300F2565B /* Test */ = {
			isa = PBXGroup;
			children = (
				DAA6A3AD1D69184300F2565B /* gandallaTests.swift */,
				DAA6A3AE1D69184300F2565B /* Info.plist */,
			);
			path = Test;
			sourceTree = "<group>";
		};
		DAA6A3AF1D69184300F2565B /* View */ = {
			isa = PBXGroup;
			children = (
				DABF04761D70EF1600012C4C /* Gandallers */,
				DAD713CD1D6A0B5E007ABB0C /* News */,
				DAA6A3B01D69184300F2565B /* Create */,
				DAA6A3B21D69184300F2565B /* Main */,
			);
			path = View;
			sourceTree = "<group>";
		};
		DAA6A3B01D69184300F2565B /* Create */ = {
			isa = PBXGroup;
			children = (
				DAA6A3B11D69184300F2565B /* VCreate.swift */,
				DA13F37B1D6B55CD008AF28A /* VCreateHeader.swift */,
				DA13F3791D6B551D008AF28A /* VCreateCell.swift */,
				DA13F3961D6BAF01008AF28A /* VCreateDetail.swift */,
				DA13F3AA1D6BC684008AF28A /* VCreateDetailHeader.swift */,
				DA13F3981D6BB20C008AF28A /* VCreateDetailCell.swift */,
				DA13F39E1D6BC1F4008AF28A /* VCreateDetailCellText.swift */,
				DA13F3A01D6BC204008AF28A /* VCreateDetailCellStatus.swift */,
				DA155ADD1D6C96F6000C8C85 /* VCreateDetailCellStarted.swift */,
				DA13F3A21D6BC20C008AF28A /* VCreateDetailCellImage.swift */,
				DABF046F1D70DAD800012C4C /* VCreateDetailCellNotify.swift */,
			);
			path = Create;
			sourceTree = "<group>";
		};
		DAA6A3B21D69184300F2565B /* Main */ = {
			isa = PBXGroup;
			children = (
				DAA6A3B31D69184300F2565B /* Bar */,
				DAA6A3B71D69184300F2565B /* Generic */,
			);
			path = Main;
			sourceTree = "<group>";
		};
		DAA6A3B31D69184300F2565B /* Bar */ = {
			isa = PBXGroup;
			children = (
				DAA6A3B41D69184300F2565B /* VMainBar.swift */,
				DAA6A3B51D69184300F2565B /* VMainBarBack.swift */,
				DAA6A3B61D69184300F2565B /* VMainBarCell.swift */,
			);
			path = Bar;
			sourceTree = "<group>";
		};
		DAA6A3B71D69184300F2565B /* Generic */ = {
			isa = PBXGroup;
			children = (
				DAA6A3B81D69184300F2565B /* VMainAlert.swift */,
				DAA6A3B91D69184300F2565B /* VMainLoader.swift */,
				DAA6A3BA1D69184300F2565B /* VMainShadow.swift */,
			);
			path = Generic;
			sourceTree = "<group>";
		};
		DABF04731D70EE9000012C4C /* Gandallers */ = {
			isa = PBXGroup;
			children = (
				DABF04741D70EEA700012C4C /* CGandallers.swift */,
				DA65BBB11D722F7300DA8440 /* CGandallerDetail.swift */,
			);
			path = Gandallers;
			sourceTree = "<group>";
		};
		DABF04761D70EF1600012C4C /* Gandallers */ = {
			isa = PBXGroup;
			children = (
				DABF04771D70EF1E00012C4C /* VGandallers.swift */,
				DABF047E1D70F38A00012C4C /* VGandallersFlow.swift */,
				DABF04801D70F3B100012C4C /* VGandallersCell.swift */,
			);
			path = Gandallers;
			sourceTree = "<group>";
		};
		DABF04791D70F17200012C4C /* GandallerList */ = {
			isa = PBXGroup;
			children = (
				DABF047A1D70F17B00012C4C /* MGandallerList.swift */,
				DABF047C1D70F18500012C4C /* MGandallerListItem.swift */,
			);
			path = GandallerList;
			sourceTree = "<group>";
		};
		DAD713CD1D6A0B5E007ABB0C /* News */ = {
			isa = PBXGroup;
			children = (
				DAD713CE1D6A0B67007ABB0C /* VNews.swift */,
				DAA5800E1D6D2A4400EC941A /* VNewsCell.swift */,
				DAA580101D6D2BBF00EC941A /* VNewsCellJoined.swift */,
				DAA580121D6D2BD100EC941A /* VNewsCellPicture.swift */,
				DAA580141D6D2BD900EC941A /* VNewsCellPower.swift */,
				DAA580161D6D2BE600EC941A /* VNewsCellSocial.swift */,
				DAA580181D6D2BEE00EC941A /* VNewsCellVideo.swift */,
			);
			path = News;
			sourceTree = "<group>";
		};
		DAD713D21D6A1361007ABB0C /* Item */ = {
			isa = PBXGroup;
			children = (
				DAD713D31D6A1361007ABB0C /* MMainNav.swift */,
				DAD713D41D6A1361007ABB0C /* MMainNavItem.swift */,
				DAD713D51D6A1361007ABB0C /* MMainNavItemCreate.swift */,
				DAD713E71D6A137A007ABB0C /* MMainNavItemNews.swift */,
				DAD713E91D6A5CD8007ABB0C /* MMainNavItemLiked.swift */,
				DAD713EB1D6A5CE7007ABB0C /* MMainNavItemChampions.swift */,
				DA13F35B1D6B3F19008AF28A /* MMainNavItemGandallers.swift */,
			);
			path = Item;
			sourceTree = "<group>";
		};
		DAD713D61D6A1361007ABB0C /* Pos */ = {
			isa = PBXGroup;
			children = (
				DAD713D71D6A1361007ABB0C /* MMainNavPos.swift */,
				DAD713D81D6A1361007ABB0C /* MMainNavPosNormal.swift */,
				DAD713D91D6A1361007ABB0C /* MMainNavPosPushed.swift */,
			);
			path = Pos;
			sourceTree = "<group>";
		};
		DAD713DA1D6A1361007ABB0C /* State */ = {
			isa = PBXGroup;
			children = (
				DAD713DB1D6A1361007ABB0C /* MMainNavItemState.swift */,
				DAD713DC1D6A1361007ABB0C /* MMainNavItemStateActive.swift */,
				DAD713DD1D6A1361007ABB0C /* MMainNavItemStateNone.swift */,
			);
			path = State;
			sourceTree = "<group>";
		};
		DAD713ED1D6A5F3D007ABB0C /* User */ = {
			isa = PBXGroup;
			children = (
				DAD713EE1D6A5F47007ABB0C /* MUser.swift */,
			);
			path = User;
			sourceTree = "<group>";
		};
		DADAB95C1D6912AE002637E8 = {
			isa = PBXGroup;
			children = (
				DADABA6F1D6914A8002637E8 /* gandalla */,
				DADAB9661D6912AE002637E8 /* Products */,
				6029ADBB29469C9C705FCC9E /* Pods */,
				BB054FCB8FDBC48862860CF3 /* Frameworks */,
			);
			sourceTree = "<group>";
		};
		DADAB9661D6912AE002637E8 /* Products */ = {
			isa = PBXGroup;
			children = (
				DADAB9651D6912AE002637E8 /* gandalla.app */,
				DADAB97C1D6912AE002637E8 /* test.xctest */,
			);
			name = Products;
			sourceTree = "<group>";
		};
		DADABA6F1D6914A8002637E8 /* gandalla */ = {
			isa = PBXGroup;
			children = (
				DA9221691D691BAA006323FE /* Firebase */,
				DAA6A3701D69184300F2565B /* Asset */,
				DAA6A3731D69184300F2565B /* Category */,
				DAA6A37E1D69184300F2565B /* Controller */,
				DAA6A3851D69184300F2565B /* Data */,
				DAA6A3911D69184300F2565B /* Info.plist */,
				DAA6A3921D69184300F2565B /* Model */,
				DAA6A3A81D69184300F2565B /* Resource */,
				DAA6A3AC1D69184300F2565B /* Test */,
				DAA6A3AF1D69184300F2565B /* View */,
			);
			path = gandalla;
			sourceTree = "<group>";
		};
/* End PBXGroup section */

/* Begin PBXNativeTarget section */
		DADAB9641D6912AE002637E8 /* gandalla */ = {
			isa = PBXNativeTarget;
			buildConfigurationList = DADAB9851D6912AE002637E8 /* Build configuration list for PBXNativeTarget "gandalla" */;
			buildPhases = (
				3B764203362B66A271613D44 /* 📦 Check Pods Manifest.lock */,
				DADAB9611D6912AE002637E8 /* Sources */,
				DADAB9621D6912AE002637E8 /* Frameworks */,
				DADAB9631D6912AE002637E8 /* Resources */,
				25A231E174BBB36CFB5C554B /* 📦 Embed Pods Frameworks */,
				032A881DF3B15C566CD4D7D2 /* 📦 Copy Pods Resources */,
			);
			buildRules = (
			);
			dependencies = (
			);
			name = gandalla;
			productName = gandalla;
			productReference = DADAB9651D6912AE002637E8 /* gandalla.app */;
			productType = "com.apple.product-type.application";
		};
		DADAB97B1D6912AE002637E8 /* test */ = {
			isa = PBXNativeTarget;
			buildConfigurationList = DADAB9881D6912AE002637E8 /* Build configuration list for PBXNativeTarget "test" */;
			buildPhases = (
				DADAB9781D6912AE002637E8 /* Sources */,
				DADAB9791D6912AE002637E8 /* Frameworks */,
				DADAB97A1D6912AE002637E8 /* Resources */,
			);
			buildRules = (
			);
			dependencies = (
				DADAB97E1D6912AE002637E8 /* PBXTargetDependency */,
			);
			name = test;
			productName = gandallaTests;
			productReference = DADAB97C1D6912AE002637E8 /* test.xctest */;
			productType = "com.apple.product-type.bundle.unit-test";
		};
/* End PBXNativeTarget section */

/* Begin PBXProject section */
		DADAB95D1D6912AE002637E8 /* Project object */ = {
			isa = PBXProject;
			attributes = {
				LastSwiftUpdateCheck = 0730;
				LastUpgradeCheck = 0730;
				ORGANIZATIONNAME = iturbide;
				TargetAttributes = {
					DADAB9641D6912AE002637E8 = {
						CreatedOnToolsVersion = 7.3.1;
						DevelopmentTeam = 7AMWG3RLHN;
					};
					DADAB97B1D6912AE002637E8 = {
						CreatedOnToolsVersion = 7.3.1;
						TestTargetID = DADAB9641D6912AE002637E8;
					};
				};
			};
			buildConfigurationList = DADAB9601D6912AE002637E8 /* Build configuration list for PBXProject "gandalla" */;
			compatibilityVersion = "Xcode 3.2";
			developmentRegion = English;
			hasScannedForEncodings = 0;
			knownRegions = (
				en,
			);
			mainGroup = DADAB95C1D6912AE002637E8;
			productRefGroup = DADAB9661D6912AE002637E8 /* Products */;
			projectDirPath = "";
			projectRoot = "";
			targets = (
				DADAB9641D6912AE002637E8 /* gandalla */,
				DADAB97B1D6912AE002637E8 /* test */,
			);
		};
/* End PBXProject section */

/* Begin PBXResourcesBuildPhase section */
		DADAB9631D6912AE002637E8 /* Resources */ = {
			isa = PBXResourcesBuildPhase;
			buildActionMask = 2147483647;
			files = (
				DAA6A3BB1D69184300F2565B /* brand.xcassets in Resources */,
				DAA6A3E31D69184300F2565B /* Localizable.strings in Resources */,
				DA92217F1D691BAA006323FE /* GoogleService-Info.plist in Resources */,
				DAA6A3BC1D69184300F2565B /* ui.xcassets in Resources */,
				DAA6A3E41D69184300F2565B /* LaunchScreen.storyboard in Resources */,
			);
			runOnlyForDeploymentPostprocessing = 0;
		};
		DADAB97A1D6912AE002637E8 /* Resources */ = {
			isa = PBXResourcesBuildPhase;
			buildActionMask = 2147483647;
			files = (
			);
			runOnlyForDeploymentPostprocessing = 0;
		};
/* End PBXResourcesBuildPhase section */

/* Begin PBXShellScriptBuildPhase section */
		032A881DF3B15C566CD4D7D2 /* 📦 Copy Pods Resources */ = {
			isa = PBXShellScriptBuildPhase;
			buildActionMask = 2147483647;
			files = (
			);
			inputPaths = (
			);
			name = "📦 Copy Pods Resources";
			outputPaths = (
			);
			runOnlyForDeploymentPostprocessing = 0;
			shellPath = /bin/sh;
			shellScript = "\"${SRCROOT}/Pods/Target Support Files/Pods-gandalla/Pods-gandalla-resources.sh\"\n";
			showEnvVarsInLog = 0;
		};
		25A231E174BBB36CFB5C554B /* 📦 Embed Pods Frameworks */ = {
			isa = PBXShellScriptBuildPhase;
			buildActionMask = 2147483647;
			files = (
			);
			inputPaths = (
			);
			name = "📦 Embed Pods Frameworks";
			outputPaths = (
			);
			runOnlyForDeploymentPostprocessing = 0;
			shellPath = /bin/sh;
			shellScript = "\"${SRCROOT}/Pods/Target Support Files/Pods-gandalla/Pods-gandalla-frameworks.sh\"\n";
			showEnvVarsInLog = 0;
		};
		3B764203362B66A271613D44 /* 📦 Check Pods Manifest.lock */ = {
			isa = PBXShellScriptBuildPhase;
			buildActionMask = 2147483647;
			files = (
			);
			inputPaths = (
			);
			name = "📦 Check Pods Manifest.lock";
			outputPaths = (
			);
			runOnlyForDeploymentPostprocessing = 0;
			shellPath = /bin/sh;
			shellScript = "diff \"${PODS_ROOT}/../Podfile.lock\" \"${PODS_ROOT}/Manifest.lock\" > /dev/null\nif [[ $? != 0 ]] ; then\n    cat << EOM\nerror: The sandbox is not in sync with the Podfile.lock. Run 'pod install' or update your CocoaPods installation.\nEOM\n    exit 1\nfi\n";
			showEnvVarsInLog = 0;
		};
/* End PBXShellScriptBuildPhase section */

/* Begin PBXSourcesBuildPhase section */
		DADAB9611D6912AE002637E8 /* Sources */ = {
			isa = PBXSourcesBuildPhase;
			buildActionMask = 2147483647;
			files = (
				DAA6A3E11D69184300F2565B /* MMainTransitionScrollLeft.swift in Sources */,
				DAD713E61D6A1361007ABB0C /* MMainNavItemStateNone.swift in Sources */,
				DA13F38F1D6B6B01008AF28A /* FDatabaseModelGandallerVideo.swift in Sources */,
				DA155AF51D6C9DC9000C8C85 /* MCreateItemDetailPropertyItemStarted.swift in Sources */,
				DA3C5E7D1D7092A4003F5358 /* MCreateItemDetailPropertyVideos.swift in Sources */,
				DA13F3911D6B6C2F008AF28A /* FDatabaseModelGandallerPower.swift in Sources */,
				DA1912371D6E9DAE001F6F3A /* MGandallerItemImage.swift in Sources */,
				DAA6A3EB1D69184300F2565B /* VMainAlert.swift in Sources */,
				DAA6A3DD1D69184300F2565B /* MMainTransitionFade.swift in Sources */,
				DAD713E81D6A137A007ABB0C /* MMainNavItemNews.swift in Sources */,
				DA155AEC1D6C9D89000C8C85 /* MCreateItem.swift in Sources */,
				DAD713DF1D6A1361007ABB0C /* MMainNavItem.swift in Sources */,
				DA13F3751D6B450F008AF28A /* FDatabaseModelNewsPower.swift in Sources */,
				DAD713E01D6A1361007ABB0C /* MMainNavItemCreate.swift in Sources */,
				DAA6A3DC1D69184300F2565B /* MMainTransition.swift in Sources */,
				DAA6A3EC1D69184300F2565B /* VMainLoader.swift in Sources */,
				DA13F37C1D6B55CD008AF28A /* VCreateHeader.swift in Sources */,
				DA155AFF1D6CBA89000C8C85 /* MGandallerItem.swift in Sources */,
				DA3C5E811D7092FB003F5358 /* MCreateItemDetailPropertyItemTwitter.swift in Sources */,
				DA42AE5A1D6FF02D0082F43A /* MCreateItemDetailPropertyItemPower.swift in Sources */,
				DAA6A3CE1D69184300F2565B /* DManagerSaver.swift in Sources */,
				DAA6A3E01D69184300F2565B /* MMainTransitionReplace.swift in Sources */,
				DA92217B1D691BAA006323FE /* FDatabaseModel.swift in Sources */,
				DAD713EC1D6A5CE7007ABB0C /* MMainNavItemChampions.swift in Sources */,
				DA155AEF1D6C9D89000C8C85 /* MCreateItemDetailPropertyItemName.swift in Sources */,
				DAD713E21D6A1361007ABB0C /* MMainNavPosNormal.swift in Sources */,
				DAD713CF1D6A0B67007ABB0C /* VNews.swift in Sources */,
				DAD713EA1D6A5CD8007ABB0C /* MMainNavItemLiked.swift in Sources */,
				DA3C5E7F1D7092F2003F5358 /* MCreateItemDetailPropertyItemFacebook.swift in Sources */,
				DAD713EF1D6A5F47007ABB0C /* MUser.swift in Sources */,
				DA13F3761D6B450F008AF28A /* FDatabaseModelNewsSocial.swift in Sources */,
				DAD713E31D6A1361007ABB0C /* MMainNavPosPushed.swift in Sources */,
				DAD713E51D6A1361007ABB0C /* MMainNavItemStateActive.swift in Sources */,
				DABF047D1D70F18500012C4C /* MGandallerListItem.swift in Sources */,
				DA42AE581D6FEF680082F43A /* MCreateItemDetailPropertyPowers.swift in Sources */,
				DAA580131D6D2BD100EC941A /* VNewsCellPicture.swift in Sources */,
				DA65BBB51D722FDD00DA8440 /* VGandallerDetail.swift in Sources */,
				DA9221801D691BAA006323FE /* FStorage.swift in Sources */,
				DAA6A3C91D69184300F2565B /* CMainController.swift in Sources */,
				DA155AEE1D6C9D89000C8C85 /* MCreateItemDetailPropertyItem.swift in Sources */,
				DA13F3871D6B6771008AF28A /* FDatabaseModelGandallerPaused.swift in Sources */,
				DA3C5E851D70930F003F5358 /* MCreateItemDetailPropertyItemHashtag.swift in Sources */,
				DA13F3721D6B450F008AF28A /* FDatabaseModelNews.swift in Sources */,
				DA3C5E831D709305003F5358 /* MCreateItemDetailPropertyItemInstagram.swift in Sources */,
				DA13F3771D6B450F008AF28A /* FDatabaseModelNewsVideo.swift in Sources */,
				DAA6A3C11D69184300F2565B /* CategoryNSNotification.swift in Sources */,
				DAA6A3CA1D69184300F2565B /* CMainParent.swift in Sources */,
				DAA6A3E71D69184300F2565B /* VCreate.swift in Sources */,
				DAA5800F1D6D2A4400EC941A /* VNewsCell.swift in Sources */,
				DAA6A3C71D69184300F2565B /* CCreate.swift in Sources */,
				DAA6A3BE1D69184300F2565B /* CategoryNSDate.swift in Sources */,
				DABF04721D70E31700012C4C /* MCreateItemDetailPropertyNotifications.swift in Sources */,
				DAA6A3C41D69184300F2565B /* CategoryUIFont.swift in Sources */,
				DA155AF71D6C9EE7000C8C85 /* MCreateItemDetailPropertyStarted.swift in Sources */,
				DAA6A3ED1D69184300F2565B /* VMainShadow.swift in Sources */,
				DA13F3781D6B450F008AF28A /* FDatabaseModelUser.swift in Sources */,
				DA13F37A1D6B551D008AF28A /* VCreateCell.swift in Sources */,
				DAA580171D6D2BE600EC941A /* VNewsCellSocial.swift in Sources */,
				DAD713D11D6A11FC007ABB0C /* DGandallaGandaller.swift in Sources */,
				DAA6A3BF1D69184300F2565B /* CategoryNSFileManager.swift in Sources */,
				DA13F3931D6B6C3D008AF28A /* FDatabaseModelGandallerImage.swift in Sources */,
				DAA6A3C01D69184300F2565B /* CategoryNSManagerdObject.swift in Sources */,
				DA13F3951D6BACBE008AF28A /* CCreateDetail.swift in Sources */,
				DAA6A3C81D69184300F2565B /* CMain.swift in Sources */,
				DA13F3AB1D6BC684008AF28A /* VCreateDetailHeader.swift in Sources */,
				DA13F35C1D6B3F19008AF28A /* MMainNavItemGandallers.swift in Sources */,
				DAA6A3C51D69184300F2565B /* CategoryUILocalNotification.swift in Sources */,
				DABF047F1D70F38A00012C4C /* VGandallersFlow.swift in Sources */,
				DAA6A3CF1D69184300F2565B /* DGandallaModel.xcdatamodeld in Sources */,
				DAA580111D6D2BBF00EC941A /* VNewsCellJoined.swift in Sources */,
				DA3C5E7B1D709297003F5358 /* MCreateItemDetailPropertyHashtags.swift in Sources */,
				DAA6A3DF1D69184300F2565B /* MMainTransitionPush.swift in Sources */,
				DA13F3971D6BAF01008AF28A /* VCreateDetail.swift in Sources */,
				DA13F3891D6B677A008AF28A /* FDatabaseModelGandallerActive.swift in Sources */,
				DA13F3A31D6BC20C008AF28A /* VCreateDetailCellImage.swift in Sources */,
				DAA6A3CB1D69184300F2565B /* DManager.swift in Sources */,
				DABF04781D70EF1E00012C4C /* VGandallers.swift in Sources */,
				DA155AFA1D6CA7DD000C8C85 /* MNews.swift in Sources */,
				DAA5800D1D6D1A1C00EC941A /* MNewsItem.swift in Sources */,
				DA92217A1D691BAA006323FE /* FDatabase.swift in Sources */,
				DAA6A3CD1D69184300F2565B /* DManagerModelGandalla.swift in Sources */,
				DA9221791D691BAA006323FE /* FAnalytics.swift in Sources */,
				DA155AF31D6C9D89000C8C85 /* MCreateItemDetailPropertyStatus.swift in Sources */,
				DABF04701D70DAD800012C4C /* VCreateDetailCellNotify.swift in Sources */,
				DABF04811D70F3B100012C4C /* VGandallersCell.swift in Sources */,
				DA13F3731D6B450F008AF28A /* FDatabaseModelNewsJoined.swift in Sources */,
				DAA6A3C61D69184300F2565B /* CategoryUIViewController.swift in Sources */,
				DA1912331D6E0CF3001F6F3A /* FDatabaseModelGandallerImageWaiting.swift in Sources */,
				DA155AFD1D6CBA73000C8C85 /* MGandaller.swift in Sources */,
				DAA580191D6D2BEE00EC941A /* VNewsCellVideo.swift in Sources */,
				DAD713E11D6A1361007ABB0C /* MMainNavPos.swift in Sources */,
				DAD713E41D6A1361007ABB0C /* MMainNavItemState.swift in Sources */,
				DA9221881D6A0B0D006323FE /* CNews.swift in Sources */,
				DAA580151D6D2BD900EC941A /* VNewsCellPower.swift in Sources */,
				DA155AF21D6C9D89000C8C85 /* MCreateItemDetailPropertyName.swift in Sources */,
				DA65BBB21D722F7300DA8440 /* CGandallerDetail.swift in Sources */,
				DAA6A3E91D69184300F2565B /* VMainBarBack.swift in Sources */,
				DA3C5E871D70931A003F5358 /* MCreateItemDetailPropertyItemVideo.swift in Sources */,
				DA92217E1D691BAA006323FE /* FMain.swift in Sources */,
				DA13F38D1D6B6AE5008AF28A /* FDatabaseModelGandallerSocialHashtag.swift in Sources */,
				DA13F3A11D6BC204008AF28A /* VCreateDetailCellStatus.swift in Sources */,
				DA3C5E791D709282003F5358 /* MCreateItemDetailPropertySocial.swift in Sources */,
				DAA6A3BD1D69184300F2565B /* CategoryMKAnnotationView.swift in Sources */,
				DA13F3741D6B450F008AF28A /* FDatabaseModelNewsPicture.swift in Sources */,
				DA155ADE1D6C96F6000C8C85 /* VCreateDetailCellStarted.swift in Sources */,
				DAA6A3E21D69184300F2565B /* MMainTransitionScrollRight.swift in Sources */,
				DA1912351D6E0CFE001F6F3A /* FDatabaseModelGandallerImageReady.swift in Sources */,
				DA13F3991D6BB20C008AF28A /* VCreateDetailCell.swift in Sources */,
				DABF046E1D70DA0900012C4C /* MCreateItemDataPropertyItemNotify.swift in Sources */,
				DA155AF11D6C9D89000C8C85 /* MCreateItemDetailProperty.swift in Sources */,
				DA1912311D6DEE1E001F6F3A /* MCreateItemDetailPropertyItemImage.swift in Sources */,
				DAA6A3E81D69184300F2565B /* VMainBar.swift in Sources */,
				DA13F38B1D6B6AD3008AF28A /* FDatabaseModelGandallerSocial.swift in Sources */,
				DA155AEB1D6C9D89000C8C85 /* MCreate.swift in Sources */,
				DAA6A3DE1D69184300F2565B /* MMainTransitionPop.swift in Sources */,
				DAA6A3C21D69184300F2565B /* CategoryUICollectionReusableView.swift in Sources */,
				DAA6A3CC1D69184300F2565B /* DManagerModel.swift in Sources */,
				DAA6A3EA1D69184300F2565B /* VMainBarCell.swift in Sources */,
				DA19122F1D6DED9F001F6F3A /* MCreateItemDetailPropertyImages.swift in Sources */,
				DABF04751D70EEA700012C4C /* CGandallers.swift in Sources */,
				DA155AF01D6C9D89000C8C85 /* MCreateItemDetailPropertyItemStatus.swift in Sources */,
				DABF047B1D70F17B00012C4C /* MGandallerList.swift in Sources */,
				DA13F3851D6B6713008AF28A /* FDatabaseModelGandaller.swift in Sources */,
				DAA6A3C31D69184300F2565B /* CategoryUIColor.swift in Sources */,
				DA155AED1D6C9D89000C8C85 /* MCreateItemDetail.swift in Sources */,
				DAA6A3D01D69184300F2565B /* DGandallaUser.swift in Sources */,
				DA13F39F1D6BC1F4008AF28A /* VCreateDetailCellText.swift in Sources */,
				DAD713DE1D6A1361007ABB0C /* MMainNav.swift in Sources */,
			);
			runOnlyForDeploymentPostprocessing = 0;
		};
		DADAB9781D6912AE002637E8 /* Sources */ = {
			isa = PBXSourcesBuildPhase;
			buildActionMask = 2147483647;
			files = (
				DA9221821D6A0A66006323FE /* gandallaTests.swift in Sources */,
			);
			runOnlyForDeploymentPostprocessing = 0;
		};
/* End PBXSourcesBuildPhase section */

/* Begin PBXTargetDependency section */
		DADAB97E1D6912AE002637E8 /* PBXTargetDependency */ = {
			isa = PBXTargetDependency;
			target = DADAB9641D6912AE002637E8 /* gandalla */;
			targetProxy = DADAB97D1D6912AE002637E8 /* PBXContainerItemProxy */;
		};
/* End PBXTargetDependency section */

/* Begin PBXVariantGroup section */
		DAA6A3A91D69184300F2565B /* Localizable.strings */ = {
			isa = PBXVariantGroup;
			children = (
				DAA6A3AA1D69184300F2565B /* en */,
			);
			name = Localizable.strings;
			sourceTree = "<group>";
		};
/* End PBXVariantGroup section */

/* Begin XCBuildConfiguration section */
		DADAB9831D6912AE002637E8 /* Debug */ = {
			isa = XCBuildConfiguration;
			buildSettings = {
				ALWAYS_SEARCH_USER_PATHS = NO;
				CLANG_ANALYZER_NONNULL = YES;
				CLANG_CXX_LANGUAGE_STANDARD = "gnu++0x";
				CLANG_CXX_LIBRARY = "libc++";
				CLANG_ENABLE_MODULES = YES;
				CLANG_ENABLE_OBJC_ARC = YES;
				CLANG_WARN_BOOL_CONVERSION = YES;
				CLANG_WARN_CONSTANT_CONVERSION = YES;
				CLANG_WARN_DIRECT_OBJC_ISA_USAGE = YES_ERROR;
				CLANG_WARN_EMPTY_BODY = YES;
				CLANG_WARN_ENUM_CONVERSION = YES;
				CLANG_WARN_INT_CONVERSION = YES;
				CLANG_WARN_OBJC_ROOT_CLASS = YES_ERROR;
				CLANG_WARN_UNREACHABLE_CODE = YES;
				CLANG_WARN__DUPLICATE_METHOD_MATCH = YES;
				"CODE_SIGN_IDENTITY[sdk=iphoneos*]" = "iPhone Developer";
				COPY_PHASE_STRIP = NO;
				DEBUG_INFORMATION_FORMAT = dwarf;
				ENABLE_STRICT_OBJC_MSGSEND = YES;
				ENABLE_TESTABILITY = YES;
				GCC_C_LANGUAGE_STANDARD = gnu99;
				GCC_DYNAMIC_NO_PIC = NO;
				GCC_NO_COMMON_BLOCKS = YES;
				GCC_OPTIMIZATION_LEVEL = 0;
				GCC_PREPROCESSOR_DEFINITIONS = (
					"DEBUG=1",
					"$(inherited)",
				);
				GCC_WARN_64_TO_32_BIT_CONVERSION = YES;
				GCC_WARN_ABOUT_RETURN_TYPE = YES_ERROR;
				GCC_WARN_UNDECLARED_SELECTOR = YES;
				GCC_WARN_UNINITIALIZED_AUTOS = YES_AGGRESSIVE;
				GCC_WARN_UNUSED_FUNCTION = YES;
				GCC_WARN_UNUSED_VARIABLE = YES;
				IPHONEOS_DEPLOYMENT_TARGET = 9.0;
				MTL_ENABLE_DEBUG_INFO = YES;
				ONLY_ACTIVE_ARCH = YES;
				SDKROOT = iphoneos;
				SWIFT_OPTIMIZATION_LEVEL = "-Onone";
				TARGETED_DEVICE_FAMILY = "1,2";
			};
			name = Debug;
		};
		DADAB9841D6912AE002637E8 /* Release */ = {
			isa = XCBuildConfiguration;
			buildSettings = {
				ALWAYS_SEARCH_USER_PATHS = NO;
				CLANG_ANALYZER_NONNULL = YES;
				CLANG_CXX_LANGUAGE_STANDARD = "gnu++0x";
				CLANG_CXX_LIBRARY = "libc++";
				CLANG_ENABLE_MODULES = YES;
				CLANG_ENABLE_OBJC_ARC = YES;
				CLANG_WARN_BOOL_CONVERSION = YES;
				CLANG_WARN_CONSTANT_CONVERSION = YES;
				CLANG_WARN_DIRECT_OBJC_ISA_USAGE = YES_ERROR;
				CLANG_WARN_EMPTY_BODY = YES;
				CLANG_WARN_ENUM_CONVERSION = YES;
				CLANG_WARN_INT_CONVERSION = YES;
				CLANG_WARN_OBJC_ROOT_CLASS = YES_ERROR;
				CLANG_WARN_UNREACHABLE_CODE = YES;
				CLANG_WARN__DUPLICATE_METHOD_MATCH = YES;
				"CODE_SIGN_IDENTITY[sdk=iphoneos*]" = "iPhone Developer";
				COPY_PHASE_STRIP = NO;
				DEBUG_INFORMATION_FORMAT = "dwarf-with-dsym";
				ENABLE_NS_ASSERTIONS = NO;
				ENABLE_STRICT_OBJC_MSGSEND = YES;
				GCC_C_LANGUAGE_STANDARD = gnu99;
				GCC_NO_COMMON_BLOCKS = YES;
				GCC_WARN_64_TO_32_BIT_CONVERSION = YES;
				GCC_WARN_ABOUT_RETURN_TYPE = YES_ERROR;
				GCC_WARN_UNDECLARED_SELECTOR = YES;
				GCC_WARN_UNINITIALIZED_AUTOS = YES_AGGRESSIVE;
				GCC_WARN_UNUSED_FUNCTION = YES;
				GCC_WARN_UNUSED_VARIABLE = YES;
				IPHONEOS_DEPLOYMENT_TARGET = 9.0;
				MTL_ENABLE_DEBUG_INFO = NO;
				SDKROOT = iphoneos;
				TARGETED_DEVICE_FAMILY = "1,2";
				VALIDATE_PRODUCT = YES;
			};
			name = Release;
		};
		DADAB9861D6912AE002637E8 /* Debug */ = {
			isa = XCBuildConfiguration;
			baseConfigurationReference = 7071DB846720A600ABE48F7F /* Pods-gandalla.debug.xcconfig */;
			buildSettings = {
				ASSETCATALOG_COMPILER_APPICON_NAME = AppIcon;
				CODE_SIGN_IDENTITY = "iPhone Developer";
				INFOPLIST_FILE = gandalla/Info.plist;
				LD_RUNPATH_SEARCH_PATHS = "$(inherited) @executable_path/Frameworks";
				OTHER_SWIFT_FLAGS = "-D DEBUG";
				PRODUCT_BUNDLE_IDENTIFIER = iturbide.gandalla;
				PRODUCT_NAME = "$(TARGET_NAME)";
				PROVISIONING_PROFILE = "9750832a-a948-4f48-aa3a-37e3b5e2aca8";
				TARGETED_DEVICE_FAMILY = "1,2";
			};
			name = Debug;
		};
		DADAB9871D6912AE002637E8 /* Release */ = {
			isa = XCBuildConfiguration;
			baseConfigurationReference = 4F2DBF6A5322CF98D13C1607 /* Pods-gandalla.release.xcconfig */;
			buildSettings = {
				ASSETCATALOG_COMPILER_APPICON_NAME = AppIcon;
				CODE_SIGN_IDENTITY = "iPhone Distribution";
				INFOPLIST_FILE = gandalla/Info.plist;
				LD_RUNPATH_SEARCH_PATHS = "$(inherited) @executable_path/Frameworks";
				PRODUCT_BUNDLE_IDENTIFIER = iturbide.gandalla;
				PRODUCT_NAME = "$(TARGET_NAME)";
				PROVISIONING_PROFILE = "16130e7f-96c2-410c-8f8e-1507bcb3fe45";
				TARGETED_DEVICE_FAMILY = "1,2";
			};
			name = Release;
		};
		DADAB9891D6912AE002637E8 /* Debug */ = {
			isa = XCBuildConfiguration;
			buildSettings = {
				BUNDLE_LOADER = "$(TEST_HOST)";
				INFOPLIST_FILE = gandalla/Test/Info.plist;
				LD_RUNPATH_SEARCH_PATHS = "$(inherited) @executable_path/Frameworks @loader_path/Frameworks";
				PRODUCT_BUNDLE_IDENTIFIER = iturbide.gandallaTests;
				PRODUCT_NAME = "$(TARGET_NAME)";
				TEST_HOST = "$(BUILT_PRODUCTS_DIR)/gandalla.app/gandalla";
			};
			name = Debug;
		};
		DADAB98A1D6912AE002637E8 /* Release */ = {
			isa = XCBuildConfiguration;
			buildSettings = {
				BUNDLE_LOADER = "$(TEST_HOST)";
				INFOPLIST_FILE = gandalla/Test/Info.plist;
				LD_RUNPATH_SEARCH_PATHS = "$(inherited) @executable_path/Frameworks @loader_path/Frameworks";
				PRODUCT_BUNDLE_IDENTIFIER = iturbide.gandallaTests;
				PRODUCT_NAME = "$(TARGET_NAME)";
				TEST_HOST = "$(BUILT_PRODUCTS_DIR)/gandalla.app/gandalla";
			};
			name = Release;
		};
/* End XCBuildConfiguration section */

/* Begin XCConfigurationList section */
		DADAB9601D6912AE002637E8 /* Build configuration list for PBXProject "gandalla" */ = {
			isa = XCConfigurationList;
			buildConfigurations = (
				DADAB9831D6912AE002637E8 /* Debug */,
				DADAB9841D6912AE002637E8 /* Release */,
			);
			defaultConfigurationIsVisible = 0;
			defaultConfigurationName = Release;
		};
		DADAB9851D6912AE002637E8 /* Build configuration list for PBXNativeTarget "gandalla" */ = {
			isa = XCConfigurationList;
			buildConfigurations = (
				DADAB9861D6912AE002637E8 /* Debug */,
				DADAB9871D6912AE002637E8 /* Release */,
			);
			defaultConfigurationIsVisible = 0;
			defaultConfigurationName = Release;
		};
		DADAB9881D6912AE002637E8 /* Build configuration list for PBXNativeTarget "test" */ = {
			isa = XCConfigurationList;
			buildConfigurations = (
				DADAB9891D6912AE002637E8 /* Debug */,
				DADAB98A1D6912AE002637E8 /* Release */,
			);
			defaultConfigurationIsVisible = 0;
			defaultConfigurationName = Release;
		};
/* End XCConfigurationList section */

/* Begin XCVersionGroup section */
		DAA6A38C1D69184300F2565B /* DGandallaModel.xcdatamodeld */ = {
			isa = XCVersionGroup;
			children = (
				DAA6A38D1D69184300F2565B /* infra.xcdatamodel */,
			);
			currentVersion = DAA6A38D1D69184300F2565B /* infra.xcdatamodel */;
			path = DGandallaModel.xcdatamodeld;
			sourceTree = "<group>";
			versionGroupType = wrapper.xcdatamodel;
		};
/* End XCVersionGroup section */
	};
	rootObject = DADAB95D1D6912AE002637E8 /* Project object */;
}
